<?xml version="1.0" encoding="UTF-8"?>
<Scheme
   LastUpgradeVersion = "1230"
   version = "1.3">
   <BuildAction
      parallelizeBuildables = "YES"
      buildImplicitDependencies = "YES">
      <BuildActionEntries>
         <BuildActionEntry
            buildForTesting = "YES"
            buildForRunning = "YES"
            buildForProfiling = "YES"
            buildForArchiving = "YES"
            buildForAnalyzing = "YES">
            <BuildableReference
               BuildableIdentifier = "primary"
               BlueprintIdentifier = "F1200CE825AAA0BA002A5F9D"
               BuildableName = "TmdbMovieware.app"
               BlueprintName = "TmdbMovieware"
               ReferencedContainer = "container:Movieware.xcodeproj">
            </BuildableReference>
         </BuildActionEntry>
      </BuildActionEntries>
   </BuildAction>
   <TestAction
      buildConfiguration = "prd"
      selectedDebuggerIdentifier = ""
      selectedLauncherIdentifier = "Xcode.IDEFoundation.Launcher.PosixSpawn"
      shouldUseLaunchSchemeArgsEnv = "YES">
      <Testables>
         <TestableReference
            skipped = "NO">
            <BuildableReference
               BuildableIdentifier = "primary"
               BlueprintIdentifier = "F1200CFE25AAA0BC002A5F9D"
               BuildableName = "MoviewareTests.xctest"
               BlueprintName = "MoviewareTests"
               ReferencedContainer = "container:Movieware.xcodeproj">
            </BuildableReference>
         </TestableReference>
         <TestableReference
            skipped = "NO">
            <BuildableReference
               BuildableIdentifier = "primary"
               BlueprintIdentifier = "F1200D0925AAA0BC002A5F9D"
               BuildableName = "MoviewareUITests.xctest"
               BlueprintName = "MoviewareUITests"
               ReferencedContainer = "container:Movieware.xcodeproj">
            </BuildableReference>
         </TestableReference>
      </Testables>
   </TestAction>
   <LaunchAction
      buildConfiguration = "prd"
      selectedDebuggerIdentifier = ""
      selectedLauncherIdentifier = "Xcode.IDEFoundation.Launcher.PosixSpawn"
      launchStyle = "0"
      useCustomWorkingDirectory = "NO"
      ignoresPersistentStateOnLaunch = "NO"
      debugDocumentVersioning = "YES"
      debugServiceExtension = "internal"
      allowLocationSimulation = "YES">
      <BuildableProductRunnable
         runnableDebuggingMode = "0">
         <BuildableReference
            BuildableIdentifier = "primary"
            BlueprintIdentifier = "F1200CE825AAA0BA002A5F9D"
            BuildableName = "TmdbMovieware.app"
            BlueprintName = "TmdbMovieware"
            ReferencedContainer = "container:Movieware.xcodeproj">
         </BuildableReference>
      </BuildableProductRunnable>
   </LaunchAction>
   <ProfileAction
      buildConfiguration = "prd"
      shouldUseLaunchSchemeArgsEnv = "YES"
      savedToolIdentifier = ""
      useCustomWorkingDirectory = "NO"
      debugDocumentVersioning = "YES">
      <BuildableProductRunnable
         runnableDebuggingMode = "0">
         <BuildableReference
            BuildableIdentifier = "primary"
            BlueprintIdentifier = "F1200CE825AAA0BA002A5F9D"
            BuildableName = "TmdbMovieware.app"
            BlueprintName = "TmdbMovieware"
            ReferencedContainer = "container:Movieware.xcodeproj">
         </BuildableReference>
      </BuildableProductRunnable>
   </ProfileAction>
   <AnalyzeAction
      buildConfiguration = "prd">
   </AnalyzeAction>
   <ArchiveAction
      buildConfiguration = "prd"
      revealArchiveInOrganizer = "YES">
   </ArchiveAction>
</Scheme>
