// !$*UTF8*$!
{
	archiveVersion = 1;
	classes = {
	};
	objectVersion = 51;
	objects = {

/* Begin PBXBuildFile section */
		184BB26B08A149AA9FA4E95E /* Pods_MoviewareTests.framework in Frameworks */ = {isa = PBXBuildFile; fileRef = 540250B9153E435E221AD172 /* Pods_MoviewareTests.framework */; };
		B692E3576FFC0FAD330F7E2A /* Pods_TmdbMovieware.framework in Frameworks */ = {isa = PBXBuildFile; fileRef = AE350C0BC3610D4E86B84ADD /* Pods_TmdbMovieware.framework */; };
		F1200CED25AAA0BA002A5F9D /* AppDelegate.swift in Sources */ = {isa = PBXBuildFile; fileRef = F1200CEC25AAA0BA002A5F9D /* AppDelegate.swift */; };
		F1200CEF25AAA0BA002A5F9D /* SceneDelegate.swift in Sources */ = {isa = PBXBuildFile; fileRef = F1200CEE25AAA0BA002A5F9D /* SceneDelegate.swift */; };
		F1200CF625AAA0BB002A5F9D /* Assets.xcassets in Resources */ = {isa = PBXBuildFile; fileRef = F1200CF525AAA0BB002A5F9D /* Assets.xcassets */; };
		F1200CF925AAA0BB002A5F9D /* TmdbMoviewareLaunchScreen.storyboard in Resources */ = {isa = PBXBuildFile; fileRef = F1200CF725AAA0BB002A5F9D /* TmdbMoviewareLaunchScreen.storyboard */; };
		F1200D0425AAA0BC002A5F9D /* MoviewareTests.swift in Sources */ = {isa = PBXBuildFile; fileRef = F1200D0325AAA0BC002A5F9D /* MoviewareTests.swift */; };
		F1200D0F25AAA0BC002A5F9D /* MoviewareUITests.swift in Sources */ = {isa = PBXBuildFile; fileRef = F1200D0E25AAA0BC002A5F9D /* MoviewareUITests.swift */; };
		F13AEA5925AEBE4A0091BF27 /* NetworkError.swift in Sources */ = {isa = PBXBuildFile; fileRef = F13AEA5825AEBE4A0091BF27 /* NetworkError.swift */; };
		F1462E6525AAEA5C004808A7 /* CoordinatorProtocol.swift in Sources */ = {isa = PBXBuildFile; fileRef = F1462E6425AAEA5C004808A7 /* CoordinatorProtocol.swift */; };
		F1462E7425AAEB59004808A7 /* MainCoordinator.swift in Sources */ = {isa = PBXBuildFile; fileRef = F1462E7325AAEB59004808A7 /* MainCoordinator.swift */; };
		F163451325ABB560001A8411 /* MoviesRequestModel.swift in Sources */ = {isa = PBXBuildFile; fileRef = F163451225ABB560001A8411 /* MoviesRequestModel.swift */; };
		F163451B25ABB722001A8411 /* Environment.swift in Sources */ = {isa = PBXBuildFile; fileRef = F163451A25ABB722001A8411 /* Environment.swift */; };
		F163452325ABB75D001A8411 /* Bundle.swift in Sources */ = {isa = PBXBuildFile; fileRef = F163452225ABB75D001A8411 /* Bundle.swift */; };
		F163452825ABB7EB001A8411 /* EnvironmentKeys.swift in Sources */ = {isa = PBXBuildFile; fileRef = F163452725ABB7EB001A8411 /* EnvironmentKeys.swift */; };
		F1BEA61A25ABB1A1007BB167 /* MovieCollectionResponseModel.swift in Sources */ = {isa = PBXBuildFile; fileRef = F1BEA61925ABB1A1007BB167 /* MovieCollectionResponseModel.swift */; };
		F1BEA61F25ABB1B7007BB167 /* MovieResponseModel.swift in Sources */ = {isa = PBXBuildFile; fileRef = F1BEA61E25ABB1B7007BB167 /* MovieResponseModel.swift */; };
		F1BEA62525ABB2E6007BB167 /* DatesResponseModel.swift in Sources */ = {isa = PBXBuildFile; fileRef = F1BEA62425ABB2E6007BB167 /* DatesResponseModel.swift */; };
		F1BEA62D25ABB411007BB167 /* MovieRoutes.swift in Sources */ = {isa = PBXBuildFile; fileRef = F1BEA62C25ABB411007BB167 /* MovieRoutes.swift */; };
		F1DA42E525AB6A62009D5892 /* BaseService.swift in Sources */ = {isa = PBXBuildFile; fileRef = F1DA42E425AB6A62009D5892 /* BaseService.swift */; };
		F1DA42ED25AB6A92009D5892 /* HomeCoordinator.swift in Sources */ = {isa = PBXBuildFile; fileRef = F1DA42EC25AB6A92009D5892 /* HomeCoordinator.swift */; };
		F1DA42F225AB6C09009D5892 /* HomeCoordinatorDelegate.swift in Sources */ = {isa = PBXBuildFile; fileRef = F1DA42F125AB6C09009D5892 /* HomeCoordinatorDelegate.swift */; };
		F1DA42FD25AB6CBD009D5892 /* MainCoordinator+MainCoordinator.swift in Sources */ = {isa = PBXBuildFile; fileRef = F1DA42FC25AB6CBD009D5892 /* MainCoordinator+MainCoordinator.swift */; };
		F1DA430825AB6ED2009D5892 /* MediaListView.swift in Sources */ = {isa = PBXBuildFile; fileRef = F1DA430625AB6ED2009D5892 /* MediaListView.swift */; };
		F1DA430925AB6ED2009D5892 /* MediaListView.xib in Resources */ = {isa = PBXBuildFile; fileRef = F1DA430725AB6ED2009D5892 /* MediaListView.xib */; };
		F1DA431D25AB71DA009D5892 /* MediaList+UICollectionViewDelegate.swift in Sources */ = {isa = PBXBuildFile; fileRef = F1DA431C25AB71DA009D5892 /* MediaList+UICollectionViewDelegate.swift */; };
		F1DA432525AB722D009D5892 /* MediaList+UICollectionViewDataSource.swift in Sources */ = {isa = PBXBuildFile; fileRef = F1DA432425AB722D009D5892 /* MediaList+UICollectionViewDataSource.swift */; };
		F1DA433E25AB72FE009D5892 /* MediaCollectionViewCell.swift in Sources */ = {isa = PBXBuildFile; fileRef = F1DA433C25AB72FE009D5892 /* MediaCollectionViewCell.swift */; };
		F1DA433F25AB72FE009D5892 /* MediaCollectionViewCell.xib in Resources */ = {isa = PBXBuildFile; fileRef = F1DA433D25AB72FE009D5892 /* MediaCollectionViewCell.xib */; };
		F1DA434425AB7557009D5892 /* Default.strings in Resources */ = {isa = PBXBuildFile; fileRef = F1DA434325AB7557009D5892 /* Default.strings */; };
		F1DA434A25AB79AD009D5892 /* Bindable.swift in Sources */ = {isa = PBXBuildFile; fileRef = F1DA434925AB79AD009D5892 /* Bindable.swift */; };
		F1DA435025AB7C66009D5892 /* ContentType.swift in Sources */ = {isa = PBXBuildFile; fileRef = F1DA434F25AB7C66009D5892 /* ContentType.swift */; };
		F1DA435525AB98D4009D5892 /* BasicStatusResponseModel.swift in Sources */ = {isa = PBXBuildFile; fileRef = F1DA435425AB98D4009D5892 /* BasicStatusResponseModel.swift */; };
		F1DA436A25AB9A3F009D5892 /* DateFormatter.swift in Sources */ = {isa = PBXBuildFile; fileRef = F1DA436925AB9A3F009D5892 /* DateFormatter.swift */; };
		F1DA436F25AB9A70009D5892 /* ModelProtocol.swift in Sources */ = {isa = PBXBuildFile; fileRef = F1DA436E25AB9A70009D5892 /* ModelProtocol.swift */; };
		F1F74AD525AAEFBB002D3843 /* HomeViewModel.swift in Sources */ = {isa = PBXBuildFile; fileRef = F1F74AD425AAEFBB002D3843 /* HomeViewModel.swift */; };
		F1F74AE425AAF001002D3843 /* HomeViewController.swift in Sources */ = {isa = PBXBuildFile; fileRef = F1F74AE225AAF001002D3843 /* HomeViewController.swift */; };
		F1F74AE525AAF001002D3843 /* HomeViewController.xib in Resources */ = {isa = PBXBuildFile; fileRef = F1F74AE325AAF001002D3843 /* HomeViewController.xib */; };
		F1F74AEA25AAF01A002D3843 /* HomeViewModelProtocol.swift in Sources */ = {isa = PBXBuildFile; fileRef = F1F74AE925AAF01A002D3843 /* HomeViewModelProtocol.swift */; };
		FF41DF456220B7D64FAC5C2D /* Pods_TmdbMovieware_MoviewareUITests.framework in Frameworks */ = {isa = PBXBuildFile; fileRef = 63D001B1D147509CED0614C3 /* Pods_TmdbMovieware_MoviewareUITests.framework */; };
/* End PBXBuildFile section */

/* Begin PBXContainerItemProxy section */
		F1200D0025AAA0BC002A5F9D /* PBXContainerItemProxy */ = {
			isa = PBXContainerItemProxy;
			containerPortal = F1200CE125AAA0BA002A5F9D /* Project object */;
			proxyType = 1;
			remoteGlobalIDString = F1200CE825AAA0BA002A5F9D;
			remoteInfo = Movieware;
		};
		F1200D0B25AAA0BC002A5F9D /* PBXContainerItemProxy */ = {
			isa = PBXContainerItemProxy;
			containerPortal = F1200CE125AAA0BA002A5F9D /* Project object */;
			proxyType = 1;
			remoteGlobalIDString = F1200CE825AAA0BA002A5F9D;
			remoteInfo = Movieware;
		};
/* End PBXContainerItemProxy section */

/* Begin PBXFileReference section */
		2D553AA304F9478D8420A823 /* Pods-TmdbMovieware.dev.xcconfig */ = {isa = PBXFileReference; includeInIndex = 1; lastKnownFileType = text.xcconfig; name = "Pods-TmdbMovieware.dev.xcconfig"; path = "Target Support Files/Pods-TmdbMovieware/Pods-TmdbMovieware.dev.xcconfig"; sourceTree = "<group>"; };
		3DFD2F58732BF5F3E09F1D0C /* Pods-MoviewareTests.hml.xcconfig */ = {isa = PBXFileReference; includeInIndex = 1; lastKnownFileType = text.xcconfig; name = "Pods-MoviewareTests.hml.xcconfig"; path = "Target Support Files/Pods-MoviewareTests/Pods-MoviewareTests.hml.xcconfig"; sourceTree = "<group>"; };
		4B9A230963B957826E0877CD /* Pods-MoviewareTests.dev.xcconfig */ = {isa = PBXFileReference; includeInIndex = 1; lastKnownFileType = text.xcconfig; name = "Pods-MoviewareTests.dev.xcconfig"; path = "Target Support Files/Pods-MoviewareTests/Pods-MoviewareTests.dev.xcconfig"; sourceTree = "<group>"; };
		5205615C2FB22F32A6B0B552 /* Pods-TmdbMovieware.hml.xcconfig */ = {isa = PBXFileReference; includeInIndex = 1; lastKnownFileType = text.xcconfig; name = "Pods-TmdbMovieware.hml.xcconfig"; path = "Target Support Files/Pods-TmdbMovieware/Pods-TmdbMovieware.hml.xcconfig"; sourceTree = "<group>"; };
		540250B9153E435E221AD172 /* Pods_MoviewareTests.framework */ = {isa = PBXFileReference; explicitFileType = wrapper.framework; includeInIndex = 0; path = Pods_MoviewareTests.framework; sourceTree = BUILT_PRODUCTS_DIR; };
		63D001B1D147509CED0614C3 /* Pods_TmdbMovieware_MoviewareUITests.framework */ = {isa = PBXFileReference; explicitFileType = wrapper.framework; includeInIndex = 0; path = Pods_TmdbMovieware_MoviewareUITests.framework; sourceTree = BUILT_PRODUCTS_DIR; };
		67C868CF80531660098E06C7 /* Pods-TmdbMovieware-MoviewareUITests.hml.xcconfig */ = {isa = PBXFileReference; includeInIndex = 1; lastKnownFileType = text.xcconfig; name = "Pods-TmdbMovieware-MoviewareUITests.hml.xcconfig"; path = "Target Support Files/Pods-TmdbMovieware-MoviewareUITests/Pods-TmdbMovieware-MoviewareUITests.hml.xcconfig"; sourceTree = "<group>"; };
		8F91B3613EA6600C2B56D6BD /* Pods-TmdbMovieware-MoviewareUITests.dev.xcconfig */ = {isa = PBXFileReference; includeInIndex = 1; lastKnownFileType = text.xcconfig; name = "Pods-TmdbMovieware-MoviewareUITests.dev.xcconfig"; path = "Target Support Files/Pods-TmdbMovieware-MoviewareUITests/Pods-TmdbMovieware-MoviewareUITests.dev.xcconfig"; sourceTree = "<group>"; };
		93FEB315BF2513ECCCAB6FC2 /* Pods-TmdbMovieware-MoviewareUITests.prd.xcconfig */ = {isa = PBXFileReference; includeInIndex = 1; lastKnownFileType = text.xcconfig; name = "Pods-TmdbMovieware-MoviewareUITests.prd.xcconfig"; path = "Target Support Files/Pods-TmdbMovieware-MoviewareUITests/Pods-TmdbMovieware-MoviewareUITests.prd.xcconfig"; sourceTree = "<group>"; };
		AE350C0BC3610D4E86B84ADD /* Pods_TmdbMovieware.framework */ = {isa = PBXFileReference; explicitFileType = wrapper.framework; includeInIndex = 0; path = Pods_TmdbMovieware.framework; sourceTree = BUILT_PRODUCTS_DIR; };
		B8DE56139C6F9DB62B2CA596 /* Pods-TmdbMovieware.prd.xcconfig */ = {isa = PBXFileReference; includeInIndex = 1; lastKnownFileType = text.xcconfig; name = "Pods-TmdbMovieware.prd.xcconfig"; path = "Target Support Files/Pods-TmdbMovieware/Pods-TmdbMovieware.prd.xcconfig"; sourceTree = "<group>"; };
		F1200CE925AAA0BA002A5F9D /* TmdbMovieware.app */ = {isa = PBXFileReference; explicitFileType = wrapper.application; includeInIndex = 0; path = TmdbMovieware.app; sourceTree = BUILT_PRODUCTS_DIR; };
		F1200CEC25AAA0BA002A5F9D /* AppDelegate.swift */ = {isa = PBXFileReference; lastKnownFileType = sourcecode.swift; path = AppDelegate.swift; sourceTree = "<group>"; };
		F1200CEE25AAA0BA002A5F9D /* SceneDelegate.swift */ = {isa = PBXFileReference; lastKnownFileType = sourcecode.swift; path = SceneDelegate.swift; sourceTree = "<group>"; };
		F1200CF525AAA0BB002A5F9D /* Assets.xcassets */ = {isa = PBXFileReference; lastKnownFileType = folder.assetcatalog; path = Assets.xcassets; sourceTree = "<group>"; };
		F1200CF825AAA0BB002A5F9D /* Base */ = {isa = PBXFileReference; lastKnownFileType = file.storyboard; name = Base; path = Base.lproj/TmdbMoviewareLaunchScreen.storyboard; sourceTree = "<group>"; };
		F1200CFA25AAA0BB002A5F9D /* Info.plist */ = {isa = PBXFileReference; lastKnownFileType = text.plist.xml; path = Info.plist; sourceTree = "<group>"; };
		F1200CFF25AAA0BC002A5F9D /* MoviewareTests.xctest */ = {isa = PBXFileReference; explicitFileType = wrapper.cfbundle; includeInIndex = 0; path = MoviewareTests.xctest; sourceTree = BUILT_PRODUCTS_DIR; };
		F1200D0325AAA0BC002A5F9D /* MoviewareTests.swift */ = {isa = PBXFileReference; lastKnownFileType = sourcecode.swift; path = MoviewareTests.swift; sourceTree = "<group>"; };
		F1200D0525AAA0BC002A5F9D /* Info.plist */ = {isa = PBXFileReference; lastKnownFileType = text.plist.xml; path = Info.plist; sourceTree = "<group>"; };
		F1200D0A25AAA0BC002A5F9D /* MoviewareUITests.xctest */ = {isa = PBXFileReference; explicitFileType = wrapper.cfbundle; includeInIndex = 0; path = MoviewareUITests.xctest; sourceTree = BUILT_PRODUCTS_DIR; };
		F1200D0E25AAA0BC002A5F9D /* MoviewareUITests.swift */ = {isa = PBXFileReference; lastKnownFileType = sourcecode.swift; path = MoviewareUITests.swift; sourceTree = "<group>"; };
		F1200D1025AAA0BC002A5F9D /* Info.plist */ = {isa = PBXFileReference; lastKnownFileType = text.plist.xml; path = Info.plist; sourceTree = "<group>"; };
		F13AEA5825AEBE4A0091BF27 /* NetworkError.swift */ = {isa = PBXFileReference; lastKnownFileType = sourcecode.swift; path = NetworkError.swift; sourceTree = "<group>"; };
		F1462E6425AAEA5C004808A7 /* CoordinatorProtocol.swift */ = {isa = PBXFileReference; lastKnownFileType = sourcecode.swift; path = CoordinatorProtocol.swift; sourceTree = "<group>"; };
		F1462E7325AAEB59004808A7 /* MainCoordinator.swift */ = {isa = PBXFileReference; lastKnownFileType = sourcecode.swift; path = MainCoordinator.swift; sourceTree = "<group>"; };
		F163451225ABB560001A8411 /* MoviesRequestModel.swift */ = {isa = PBXFileReference; lastKnownFileType = sourcecode.swift; path = MoviesRequestModel.swift; sourceTree = "<group>"; };
		F163451A25ABB722001A8411 /* Environment.swift */ = {isa = PBXFileReference; lastKnownFileType = sourcecode.swift; path = Environment.swift; sourceTree = "<group>"; };
		F163452225ABB75D001A8411 /* Bundle.swift */ = {isa = PBXFileReference; lastKnownFileType = sourcecode.swift; path = Bundle.swift; sourceTree = "<group>"; };
		F163452725ABB7EB001A8411 /* EnvironmentKeys.swift */ = {isa = PBXFileReference; lastKnownFileType = sourcecode.swift; path = EnvironmentKeys.swift; sourceTree = "<group>"; };
		F198FEE825AAC21A00327990 /* TmdbMovieware-dev.xcconfig */ = {isa = PBXFileReference; lastKnownFileType = text.xcconfig; path = "TmdbMovieware-dev.xcconfig"; sourceTree = "<group>"; };
		F198FEE925AAC22C00327990 /* TmdbMovieware-hml.xcconfig */ = {isa = PBXFileReference; lastKnownFileType = text.xcconfig; path = "TmdbMovieware-hml.xcconfig"; sourceTree = "<group>"; };
		F198FEEA25AAC23C00327990 /* TmdbMovieware-prd.xcconfig */ = {isa = PBXFileReference; lastKnownFileType = text.xcconfig; path = "TmdbMovieware-prd.xcconfig"; sourceTree = "<group>"; };
		F1BEA61925ABB1A1007BB167 /* MovieCollectionResponseModel.swift */ = {isa = PBXFileReference; lastKnownFileType = sourcecode.swift; path = MovieCollectionResponseModel.swift; sourceTree = "<group>"; };
		F1BEA61E25ABB1B7007BB167 /* MovieResponseModel.swift */ = {isa = PBXFileReference; lastKnownFileType = sourcecode.swift; path = MovieResponseModel.swift; sourceTree = "<group>"; };
		F1BEA62425ABB2E6007BB167 /* DatesResponseModel.swift */ = {isa = PBXFileReference; lastKnownFileType = sourcecode.swift; path = DatesResponseModel.swift; sourceTree = "<group>"; };
		F1BEA62C25ABB411007BB167 /* MovieRoutes.swift */ = {isa = PBXFileReference; lastKnownFileType = sourcecode.swift; path = MovieRoutes.swift; sourceTree = "<group>"; };
		F1DA42E425AB6A62009D5892 /* BaseService.swift */ = {isa = PBXFileReference; lastKnownFileType = sourcecode.swift; path = BaseService.swift; sourceTree = "<group>"; };
		F1DA42EC25AB6A92009D5892 /* HomeCoordinator.swift */ = {isa = PBXFileReference; lastKnownFileType = sourcecode.swift; path = HomeCoordinator.swift; sourceTree = "<group>"; };
		F1DA42F125AB6C09009D5892 /* HomeCoordinatorDelegate.swift */ = {isa = PBXFileReference; lastKnownFileType = sourcecode.swift; path = HomeCoordinatorDelegate.swift; sourceTree = "<group>"; };
		F1DA42FC25AB6CBD009D5892 /* MainCoordinator+MainCoordinator.swift */ = {isa = PBXFileReference; lastKnownFileType = sourcecode.swift; path = "MainCoordinator+MainCoordinator.swift"; sourceTree = "<group>"; };
		F1DA430625AB6ED2009D5892 /* MediaListView.swift */ = {isa = PBXFileReference; lastKnownFileType = sourcecode.swift; path = MediaListView.swift; sourceTree = "<group>"; };
		F1DA430725AB6ED2009D5892 /* MediaListView.xib */ = {isa = PBXFileReference; lastKnownFileType = file.xib; path = MediaListView.xib; sourceTree = "<group>"; };
		F1DA431C25AB71DA009D5892 /* MediaList+UICollectionViewDelegate.swift */ = {isa = PBXFileReference; lastKnownFileType = sourcecode.swift; path = "MediaList+UICollectionViewDelegate.swift"; sourceTree = "<group>"; };
		F1DA432425AB722D009D5892 /* MediaList+UICollectionViewDataSource.swift */ = {isa = PBXFileReference; lastKnownFileType = sourcecode.swift; path = "MediaList+UICollectionViewDataSource.swift"; sourceTree = "<group>"; };
		F1DA433C25AB72FE009D5892 /* MediaCollectionViewCell.swift */ = {isa = PBXFileReference; lastKnownFileType = sourcecode.swift; path = MediaCollectionViewCell.swift; sourceTree = "<group>"; };
		F1DA433D25AB72FE009D5892 /* MediaCollectionViewCell.xib */ = {isa = PBXFileReference; lastKnownFileType = file.xib; path = MediaCollectionViewCell.xib; sourceTree = "<group>"; };
		F1DA434325AB7557009D5892 /* Default.strings */ = {isa = PBXFileReference; lastKnownFileType = text.plist.strings; path = Default.strings; sourceTree = "<group>"; };
		F1DA434925AB79AD009D5892 /* Bindable.swift */ = {isa = PBXFileReference; lastKnownFileType = sourcecode.swift; path = Bindable.swift; sourceTree = "<group>"; };
		F1DA434F25AB7C66009D5892 /* ContentType.swift */ = {isa = PBXFileReference; lastKnownFileType = sourcecode.swift; path = ContentType.swift; sourceTree = "<group>"; };
		F1DA435425AB98D4009D5892 /* BasicStatusResponseModel.swift */ = {isa = PBXFileReference; lastKnownFileType = sourcecode.swift; path = BasicStatusResponseModel.swift; sourceTree = "<group>"; };
		F1DA436925AB9A3F009D5892 /* DateFormatter.swift */ = {isa = PBXFileReference; lastKnownFileType = sourcecode.swift; path = DateFormatter.swift; sourceTree = "<group>"; };
		F1DA436E25AB9A70009D5892 /* ModelProtocol.swift */ = {isa = PBXFileReference; lastKnownFileType = sourcecode.swift; path = ModelProtocol.swift; sourceTree = "<group>"; };
		F1F74AD425AAEFBB002D3843 /* HomeViewModel.swift */ = {isa = PBXFileReference; lastKnownFileType = sourcecode.swift; path = HomeViewModel.swift; sourceTree = "<group>"; };
		F1F74AE225AAF001002D3843 /* HomeViewController.swift */ = {isa = PBXFileReference; lastKnownFileType = sourcecode.swift; path = HomeViewController.swift; sourceTree = "<group>"; };
		F1F74AE325AAF001002D3843 /* HomeViewController.xib */ = {isa = PBXFileReference; lastKnownFileType = file.xib; path = HomeViewController.xib; sourceTree = "<group>"; };
		F1F74AE925AAF01A002D3843 /* HomeViewModelProtocol.swift */ = {isa = PBXFileReference; lastKnownFileType = sourcecode.swift; path = HomeViewModelProtocol.swift; sourceTree = "<group>"; };
		FA059EA132200E39E8FFE01A /* Pods-MoviewareTests.prd.xcconfig */ = {isa = PBXFileReference; includeInIndex = 1; lastKnownFileType = text.xcconfig; name = "Pods-MoviewareTests.prd.xcconfig"; path = "Target Support Files/Pods-MoviewareTests/Pods-MoviewareTests.prd.xcconfig"; sourceTree = "<group>"; };
/* End PBXFileReference section */

/* Begin PBXFrameworksBuildPhase section */
		F1200CE625AAA0BA002A5F9D /* Frameworks */ = {
			isa = PBXFrameworksBuildPhase;
			buildActionMask = 2147483647;
			files = (
				B692E3576FFC0FAD330F7E2A /* Pods_TmdbMovieware.framework in Frameworks */,
			);
			runOnlyForDeploymentPostprocessing = 0;
		};
		F1200CFC25AAA0BC002A5F9D /* Frameworks */ = {
			isa = PBXFrameworksBuildPhase;
			buildActionMask = 2147483647;
			files = (
				184BB26B08A149AA9FA4E95E /* Pods_MoviewareTests.framework in Frameworks */,
			);
			runOnlyForDeploymentPostprocessing = 0;
		};
		F1200D0725AAA0BC002A5F9D /* Frameworks */ = {
			isa = PBXFrameworksBuildPhase;
			buildActionMask = 2147483647;
			files = (
				FF41DF456220B7D64FAC5C2D /* Pods_TmdbMovieware_MoviewareUITests.framework in Frameworks */,
			);
			runOnlyForDeploymentPostprocessing = 0;
		};
/* End PBXFrameworksBuildPhase section */

/* Begin PBXGroup section */
		B731525D670213D38091A831 /* Frameworks */ = {
			isa = PBXGroup;
			children = (
				540250B9153E435E221AD172 /* Pods_MoviewareTests.framework */,
				AE350C0BC3610D4E86B84ADD /* Pods_TmdbMovieware.framework */,
				63D001B1D147509CED0614C3 /* Pods_TmdbMovieware_MoviewareUITests.framework */,
			);
			name = Frameworks;
			sourceTree = "<group>";
		};
		B81DDC9CE161539ECA12E3DD /* Pods */ = {
			isa = PBXGroup;
			children = (
				4B9A230963B957826E0877CD /* Pods-MoviewareTests.dev.xcconfig */,
				3DFD2F58732BF5F3E09F1D0C /* Pods-MoviewareTests.hml.xcconfig */,
				FA059EA132200E39E8FFE01A /* Pods-MoviewareTests.prd.xcconfig */,
				2D553AA304F9478D8420A823 /* Pods-TmdbMovieware.dev.xcconfig */,
				5205615C2FB22F32A6B0B552 /* Pods-TmdbMovieware.hml.xcconfig */,
				B8DE56139C6F9DB62B2CA596 /* Pods-TmdbMovieware.prd.xcconfig */,
				8F91B3613EA6600C2B56D6BD /* Pods-TmdbMovieware-MoviewareUITests.dev.xcconfig */,
				67C868CF80531660098E06C7 /* Pods-TmdbMovieware-MoviewareUITests.hml.xcconfig */,
				93FEB315BF2513ECCCAB6FC2 /* Pods-TmdbMovieware-MoviewareUITests.prd.xcconfig */,
			);
			path = Pods;
			sourceTree = "<group>";
		};
		F1200CE025AAA0BA002A5F9D = {
			isa = PBXGroup;
			children = (
				F1200CEB25AAA0BA002A5F9D /* Shared */,
				F1200D0225AAA0BC002A5F9D /* MoviewareTests */,
				F1200D0D25AAA0BC002A5F9D /* MoviewareUITests */,
				F1200CEA25AAA0BA002A5F9D /* Products */,
				B81DDC9CE161539ECA12E3DD /* Pods */,
				B731525D670213D38091A831 /* Frameworks */,
				F198FEE325AAA56200327990 /* TmdbMovieware */,
			);
			sourceTree = "<group>";
		};
		F1200CEA25AAA0BA002A5F9D /* Products */ = {
			isa = PBXGroup;
			children = (
				F1200CE925AAA0BA002A5F9D /* TmdbMovieware.app */,
				F1200CFF25AAA0BC002A5F9D /* MoviewareTests.xctest */,
				F1200D0A25AAA0BC002A5F9D /* MoviewareUITests.xctest */,
			);
			name = Products;
			sourceTree = "<group>";
		};
		F1200CEB25AAA0BA002A5F9D /* Shared */ = {
			isa = PBXGroup;
			children = (
				F1200CEC25AAA0BA002A5F9D /* AppDelegate.swift */,
				F1200CEE25AAA0BA002A5F9D /* SceneDelegate.swift */,
				F1462E6225AAEA21004808A7 /* Coordinators */,
				F1DA434E25AB7C54009D5892 /* Enums */,
				F1DA434825AB78F9009D5892 /* Infrastructure */,
				F1462E6325AAEA34004808A7 /* Models */,
				F198FEE625AAC1E100327990 /* Modules */,
				F1DA42E325AB6A4B009D5892 /* Network */,
				F198FEE425AAA5C700327990 /* SupportingFiles */,
			);
			path = Shared;
			sourceTree = "<group>";
		};
		F1200D0225AAA0BC002A5F9D /* MoviewareTests */ = {
			isa = PBXGroup;
			children = (
				F1200D0325AAA0BC002A5F9D /* MoviewareTests.swift */,
				F1200D0525AAA0BC002A5F9D /* Info.plist */,
			);
			path = MoviewareTests;
			sourceTree = "<group>";
		};
		F1200D0D25AAA0BC002A5F9D /* MoviewareUITests */ = {
			isa = PBXGroup;
			children = (
				F1200D0E25AAA0BC002A5F9D /* MoviewareUITests.swift */,
				F1200D1025AAA0BC002A5F9D /* Info.plist */,
			);
			path = MoviewareUITests;
			sourceTree = "<group>";
		};
		F1462E6225AAEA21004808A7 /* Coordinators */ = {
			isa = PBXGroup;
			children = (
				F1462E6425AAEA5C004808A7 /* CoordinatorProtocol.swift */,
				F1462E7325AAEB59004808A7 /* MainCoordinator.swift */,
				F1DA42FC25AB6CBD009D5892 /* MainCoordinator+MainCoordinator.swift */,
			);
			path = Coordinators;
			sourceTree = "<group>";
		};
		F1462E6325AAEA34004808A7 /* Models */ = {
			isa = PBXGroup;
			children = (
				F1DA435425AB98D4009D5892 /* BasicStatusResponseModel.swift */,
				F1DA436E25AB9A70009D5892 /* ModelProtocol.swift */,
				F1BEA61925ABB1A1007BB167 /* MovieCollectionResponseModel.swift */,
				F1BEA61E25ABB1B7007BB167 /* MovieResponseModel.swift */,
				F1BEA62425ABB2E6007BB167 /* DatesResponseModel.swift */,
				F163451225ABB560001A8411 /* MoviesRequestModel.swift */,
			);
			path = Models;
			sourceTree = "<group>";
		};
		F198FEE325AAA56200327990 /* TmdbMovieware */ = {
			isa = PBXGroup;
			children = (
				F1200CF725AAA0BB002A5F9D /* TmdbMoviewareLaunchScreen.storyboard */,
				F198FEE725AAC1FC00327990 /* Config */,
			);
			path = TmdbMovieware;
			sourceTree = "<group>";
		};
		F198FEE425AAA5C700327990 /* SupportingFiles */ = {
			isa = PBXGroup;
			children = (
				F1200CF525AAA0BB002A5F9D /* Assets.xcassets */,
				F1200CFA25AAA0BB002A5F9D /* Info.plist */,
				F1DA434325AB7557009D5892 /* Default.strings */,
				F163452725ABB7EB001A8411 /* EnvironmentKeys.swift */,
			);
			path = SupportingFiles;
			sourceTree = "<group>";
		};
		F198FEE625AAC1E100327990 /* Modules */ = {
			isa = PBXGroup;
			children = (
				F198FEEB25AAC25100327990 /* Home */,
			);
			path = Modules;
			sourceTree = "<group>";
		};
		F198FEE725AAC1FC00327990 /* Config */ = {
			isa = PBXGroup;
			children = (
				F198FEE825AAC21A00327990 /* TmdbMovieware-dev.xcconfig */,
				F198FEE925AAC22C00327990 /* TmdbMovieware-hml.xcconfig */,
				F198FEEA25AAC23C00327990 /* TmdbMovieware-prd.xcconfig */,
			);
			path = Config;
			sourceTree = "<group>";
		};
		F198FEEB25AAC25100327990 /* Home */ = {
			isa = PBXGroup;
			children = (
				F1DA42EC25AB6A92009D5892 /* HomeCoordinator.swift */,
				F1DA42F125AB6C09009D5892 /* HomeCoordinatorDelegate.swift */,
				F1F74AE225AAF001002D3843 /* HomeViewController.swift */,
				F1F74AE325AAF001002D3843 /* HomeViewController.xib */,
				F1F74AD425AAEFBB002D3843 /* HomeViewModel.swift */,
				F1F74AE925AAF01A002D3843 /* HomeViewModelProtocol.swift */,
				F1DA430425AB6E5E009D5892 /* MediaList */,
			);
			path = Home;
			sourceTree = "<group>";
		};
		F1DA42E325AB6A4B009D5892 /* Network */ = {
			isa = PBXGroup;
			children = (
				F1DA42E425AB6A62009D5892 /* BaseService.swift */,
				F1BEA62C25ABB411007BB167 /* MovieRoutes.swift */,
				F13AEA5825AEBE4A0091BF27 /* NetworkError.swift */,
			);
			path = Network;
			sourceTree = "<group>";
		};
		F1DA430425AB6E5E009D5892 /* MediaList */ = {
			isa = PBXGroup;
			children = (
				F1DA433825AB72CC009D5892 /* MediaCell */,
				F1DA432425AB722D009D5892 /* MediaList+UICollectionViewDataSource.swift */,
				F1DA431C25AB71DA009D5892 /* MediaList+UICollectionViewDelegate.swift */,
				F1DA430625AB6ED2009D5892 /* MediaListView.swift */,
				F1DA430725AB6ED2009D5892 /* MediaListView.xib */,
			);
			path = MediaList;
			sourceTree = "<group>";
		};
		F1DA433825AB72CC009D5892 /* MediaCell */ = {
			isa = PBXGroup;
			children = (
				F1DA433C25AB72FE009D5892 /* MediaCollectionViewCell.swift */,
				F1DA433D25AB72FE009D5892 /* MediaCollectionViewCell.xib */,
			);
			path = MediaCell;
			sourceTree = "<group>";
		};
		F1DA434825AB78F9009D5892 /* Infrastructure */ = {
			isa = PBXGroup;
			children = (
				F1DA438625AB9B84009D5892 /* Common */,
				F1DA436025AB99BD009D5892 /* Extensions */,
			);
			path = Infrastructure;
			sourceTree = "<group>";
		};
		F1DA434E25AB7C54009D5892 /* Enums */ = {
			isa = PBXGroup;
			children = (
				F1DA434F25AB7C66009D5892 /* ContentType.swift */,
			);
			path = Enums;
			sourceTree = "<group>";
		};
		F1DA436025AB99BD009D5892 /* Extensions */ = {
			isa = PBXGroup;
			children = (
				F1DA436925AB9A3F009D5892 /* DateFormatter.swift */,
				F163452225ABB75D001A8411 /* Bundle.swift */,
			);
			path = Extensions;
			sourceTree = "<group>";
		};
		F1DA438625AB9B84009D5892 /* Common */ = {
			isa = PBXGroup;
			children = (
				F1DA434925AB79AD009D5892 /* Bindable.swift */,
				F163451A25ABB722001A8411 /* Environment.swift */,
			);
			path = Common;
			sourceTree = "<group>";
		};
/* End PBXGroup section */

/* Begin PBXNativeTarget section */
		F1200CE825AAA0BA002A5F9D /* TmdbMovieware */ = {
			isa = PBXNativeTarget;
			buildConfigurationList = F1200D1325AAA0BC002A5F9D /* Build configuration list for PBXNativeTarget "TmdbMovieware" */;
			buildPhases = (
				21C078F719BD807D1D5BBBA6 /* [CP] Check Pods Manifest.lock */,
				F1200CE525AAA0BA002A5F9D /* Sources */,
				F1200CE625AAA0BA002A5F9D /* Frameworks */,
				F1200CE725AAA0BA002A5F9D /* Resources */,
				E6429B1BF6647C27620EFA41 /* [CP] Embed Pods Frameworks */,
				F1828D2E25AADFDA0083D8C0 /* [SwiftLint] Run Script */,
			);
			buildRules = (
			);
			dependencies = (
			);
			name = TmdbMovieware;
			productName = Movieware;
			productReference = F1200CE925AAA0BA002A5F9D /* TmdbMovieware.app */;
			productType = "com.apple.product-type.application";
		};
		F1200CFE25AAA0BC002A5F9D /* MoviewareTests */ = {
			isa = PBXNativeTarget;
			buildConfigurationList = F1200D1625AAA0BC002A5F9D /* Build configuration list for PBXNativeTarget "MoviewareTests" */;
			buildPhases = (
				090EE4F31054AD3C84088EA3 /* [CP] Check Pods Manifest.lock */,
				F1200CFB25AAA0BC002A5F9D /* Sources */,
				F1200CFC25AAA0BC002A5F9D /* Frameworks */,
				F1200CFD25AAA0BC002A5F9D /* Resources */,
			);
			buildRules = (
			);
			dependencies = (
				F1200D0125AAA0BC002A5F9D /* PBXTargetDependency */,
			);
			name = MoviewareTests;
			productName = MoviewareTests;
			productReference = F1200CFF25AAA0BC002A5F9D /* MoviewareTests.xctest */;
			productType = "com.apple.product-type.bundle.unit-test";
		};
		F1200D0925AAA0BC002A5F9D /* MoviewareUITests */ = {
			isa = PBXNativeTarget;
			buildConfigurationList = F1200D1925AAA0BC002A5F9D /* Build configuration list for PBXNativeTarget "MoviewareUITests" */;
			buildPhases = (
				6E08B2A16F7E9C64265F1DEA /* [CP] Check Pods Manifest.lock */,
				F1200D0625AAA0BC002A5F9D /* Sources */,
				F1200D0725AAA0BC002A5F9D /* Frameworks */,
				F1200D0825AAA0BC002A5F9D /* Resources */,
				5E69FB9510631CFAE4380C70 /* [CP] Embed Pods Frameworks */,
			);
			buildRules = (
			);
			dependencies = (
				F1200D0C25AAA0BC002A5F9D /* PBXTargetDependency */,
			);
			name = MoviewareUITests;
			productName = MoviewareUITests;
			productReference = F1200D0A25AAA0BC002A5F9D /* MoviewareUITests.xctest */;
			productType = "com.apple.product-type.bundle.ui-testing";
		};
/* End PBXNativeTarget section */

/* Begin PBXProject section */
		F1200CE125AAA0BA002A5F9D /* Project object */ = {
			isa = PBXProject;
			attributes = {
				LastSwiftUpdateCheck = 1230;
				LastUpgradeCheck = 1230;
				TargetAttributes = {
					F1200CE825AAA0BA002A5F9D = {
						CreatedOnToolsVersion = 12.3;
					};
					F1200CFE25AAA0BC002A5F9D = {
						CreatedOnToolsVersion = 12.3;
						TestTargetID = F1200CE825AAA0BA002A5F9D;
					};
					F1200D0925AAA0BC002A5F9D = {
						CreatedOnToolsVersion = 12.3;
						TestTargetID = F1200CE825AAA0BA002A5F9D;
					};
				};
			};
			buildConfigurationList = F1200CE425AAA0BA002A5F9D /* Build configuration list for PBXProject "Movieware" */;
			compatibilityVersion = "Xcode 9.3";
			developmentRegion = en;
			hasScannedForEncodings = 0;
			knownRegions = (
				en,
				Base,
			);
			mainGroup = F1200CE025AAA0BA002A5F9D;
			productRefGroup = F1200CEA25AAA0BA002A5F9D /* Products */;
			projectDirPath = "";
			projectRoot = "";
			targets = (
				F1200CE825AAA0BA002A5F9D /* TmdbMovieware */,
				F1200CFE25AAA0BC002A5F9D /* MoviewareTests */,
				F1200D0925AAA0BC002A5F9D /* MoviewareUITests */,
			);
		};
/* End PBXProject section */

/* Begin PBXResourcesBuildPhase section */
		F1200CE725AAA0BA002A5F9D /* Resources */ = {
			isa = PBXResourcesBuildPhase;
			buildActionMask = 2147483647;
			files = (
				F1DA434425AB7557009D5892 /* Default.strings in Resources */,
				F1DA430925AB6ED2009D5892 /* MediaListView.xib in Resources */,
				F1DA433F25AB72FE009D5892 /* MediaCollectionViewCell.xib in Resources */,
				F1200CF925AAA0BB002A5F9D /* TmdbMoviewareLaunchScreen.storyboard in Resources */,
				F1200CF625AAA0BB002A5F9D /* Assets.xcassets in Resources */,
				F1F74AE525AAF001002D3843 /* HomeViewController.xib in Resources */,
			);
			runOnlyForDeploymentPostprocessing = 0;
		};
		F1200CFD25AAA0BC002A5F9D /* Resources */ = {
			isa = PBXResourcesBuildPhase;
			buildActionMask = 2147483647;
			files = (
			);
			runOnlyForDeploymentPostprocessing = 0;
		};
		F1200D0825AAA0BC002A5F9D /* Resources */ = {
			isa = PBXResourcesBuildPhase;
			buildActionMask = 2147483647;
			files = (
			);
			runOnlyForDeploymentPostprocessing = 0;
		};
/* End PBXResourcesBuildPhase section */

/* Begin PBXShellScriptBuildPhase section */
		090EE4F31054AD3C84088EA3 /* [CP] Check Pods Manifest.lock */ = {
			isa = PBXShellScriptBuildPhase;
			buildActionMask = 2147483647;
			files = (
			);
			inputFileListPaths = (
			);
			inputPaths = (
				"${PODS_PODFILE_DIR_PATH}/Podfile.lock",
				"${PODS_ROOT}/Manifest.lock",
			);
			name = "[CP] Check Pods Manifest.lock";
			outputFileListPaths = (
			);
			outputPaths = (
				"$(DERIVED_FILE_DIR)/Pods-MoviewareTests-checkManifestLockResult.txt",
			);
			runOnlyForDeploymentPostprocessing = 0;
			shellPath = /bin/sh;
			shellScript = "diff \"${PODS_PODFILE_DIR_PATH}/Podfile.lock\" \"${PODS_ROOT}/Manifest.lock\" > /dev/null\nif [ $? != 0 ] ; then\n    # print error to STDERR\n    echo \"error: The sandbox is not in sync with the Podfile.lock. Run 'pod install' or update your CocoaPods installation.\" >&2\n    exit 1\nfi\n# This output is used by Xcode 'outputs' to avoid re-running this script phase.\necho \"SUCCESS\" > \"${SCRIPT_OUTPUT_FILE_0}\"\n";
			showEnvVarsInLog = 0;
		};
		21C078F719BD807D1D5BBBA6 /* [CP] Check Pods Manifest.lock */ = {
			isa = PBXShellScriptBuildPhase;
			buildActionMask = 2147483647;
			files = (
			);
			inputFileListPaths = (
			);
			inputPaths = (
				"${PODS_PODFILE_DIR_PATH}/Podfile.lock",
				"${PODS_ROOT}/Manifest.lock",
			);
			name = "[CP] Check Pods Manifest.lock";
			outputFileListPaths = (
			);
			outputPaths = (
				"$(DERIVED_FILE_DIR)/Pods-TmdbMovieware-checkManifestLockResult.txt",
			);
			runOnlyForDeploymentPostprocessing = 0;
			shellPath = /bin/sh;
			shellScript = "diff \"${PODS_PODFILE_DIR_PATH}/Podfile.lock\" \"${PODS_ROOT}/Manifest.lock\" > /dev/null\nif [ $? != 0 ] ; then\n    # print error to STDERR\n    echo \"error: The sandbox is not in sync with the Podfile.lock. Run 'pod install' or update your CocoaPods installation.\" >&2\n    exit 1\nfi\n# This output is used by Xcode 'outputs' to avoid re-running this script phase.\necho \"SUCCESS\" > \"${SCRIPT_OUTPUT_FILE_0}\"\n";
			showEnvVarsInLog = 0;
		};
		5E69FB9510631CFAE4380C70 /* [CP] Embed Pods Frameworks */ = {
			isa = PBXShellScriptBuildPhase;
			buildActionMask = 2147483647;
			files = (
			);
			inputFileListPaths = (
				"${PODS_ROOT}/Target Support Files/Pods-TmdbMovieware-MoviewareUITests/Pods-TmdbMovieware-MoviewareUITests-frameworks-${CONFIGURATION}-input-files.xcfilelist",
			);
			name = "[CP] Embed Pods Frameworks";
			outputFileListPaths = (
				"${PODS_ROOT}/Target Support Files/Pods-TmdbMovieware-MoviewareUITests/Pods-TmdbMovieware-MoviewareUITests-frameworks-${CONFIGURATION}-output-files.xcfilelist",
			);
			runOnlyForDeploymentPostprocessing = 0;
			shellPath = /bin/sh;
			shellScript = "\"${PODS_ROOT}/Target Support Files/Pods-TmdbMovieware-MoviewareUITests/Pods-TmdbMovieware-MoviewareUITests-frameworks.sh\"\n";
			showEnvVarsInLog = 0;
		};
		6E08B2A16F7E9C64265F1DEA /* [CP] Check Pods Manifest.lock */ = {
			isa = PBXShellScriptBuildPhase;
			buildActionMask = 2147483647;
			files = (
			);
			inputFileListPaths = (
			);
			inputPaths = (
				"${PODS_PODFILE_DIR_PATH}/Podfile.lock",
				"${PODS_ROOT}/Manifest.lock",
			);
			name = "[CP] Check Pods Manifest.lock";
			outputFileListPaths = (
			);
			outputPaths = (
				"$(DERIVED_FILE_DIR)/Pods-TmdbMovieware-MoviewareUITests-checkManifestLockResult.txt",
			);
			runOnlyForDeploymentPostprocessing = 0;
			shellPath = /bin/sh;
			shellScript = "diff \"${PODS_PODFILE_DIR_PATH}/Podfile.lock\" \"${PODS_ROOT}/Manifest.lock\" > /dev/null\nif [ $? != 0 ] ; then\n    # print error to STDERR\n    echo \"error: The sandbox is not in sync with the Podfile.lock. Run 'pod install' or update your CocoaPods installation.\" >&2\n    exit 1\nfi\n# This output is used by Xcode 'outputs' to avoid re-running this script phase.\necho \"SUCCESS\" > \"${SCRIPT_OUTPUT_FILE_0}\"\n";
			showEnvVarsInLog = 0;
		};
		E6429B1BF6647C27620EFA41 /* [CP] Embed Pods Frameworks */ = {
			isa = PBXShellScriptBuildPhase;
			buildActionMask = 2147483647;
			files = (
			);
			inputFileListPaths = (
				"${PODS_ROOT}/Target Support Files/Pods-TmdbMovieware/Pods-TmdbMovieware-frameworks-${CONFIGURATION}-input-files.xcfilelist",
			);
			name = "[CP] Embed Pods Frameworks";
			outputFileListPaths = (
				"${PODS_ROOT}/Target Support Files/Pods-TmdbMovieware/Pods-TmdbMovieware-frameworks-${CONFIGURATION}-output-files.xcfilelist",
			);
			runOnlyForDeploymentPostprocessing = 0;
			shellPath = /bin/sh;
			shellScript = "\"${PODS_ROOT}/Target Support Files/Pods-TmdbMovieware/Pods-TmdbMovieware-frameworks.sh\"\n";
			showEnvVarsInLog = 0;
		};
		F1828D2E25AADFDA0083D8C0 /* [SwiftLint] Run Script */ = {
			isa = PBXShellScriptBuildPhase;
			buildActionMask = 12;
			files = (
			);
			inputFileListPaths = (
			);
			inputPaths = (
			);
			name = "[SwiftLint] Run Script";
			outputFileListPaths = (
			);
			outputPaths = (
			);
			runOnlyForDeploymentPostprocessing = 0;
			shellPath = /bin/sh;
			shellScript = "if which swiftlint >/dev/null; then\n  swiftlint\nelse\n  echo \"warning: SwiftLint not installed, download from https://github.com/realm/SwiftLint\"\nfi\n";
		};
/* End PBXShellScriptBuildPhase section */

/* Begin PBXSourcesBuildPhase section */
		F1200CE525AAA0BA002A5F9D /* Sources */ = {
			isa = PBXSourcesBuildPhase;
			buildActionMask = 2147483647;
			files = (
				F1DA435525AB98D4009D5892 /* BasicStatusResponseModel.swift in Sources */,
				F1DA432525AB722D009D5892 /* MediaList+UICollectionViewDataSource.swift in Sources */,
				F1BEA61A25ABB1A1007BB167 /* MovieCollectionResponseModel.swift in Sources */,
				F1BEA62D25ABB411007BB167 /* MovieRoutes.swift in Sources */,
				F13AEA5925AEBE4A0091BF27 /* NetworkError.swift in Sources */,
				F1DA430825AB6ED2009D5892 /* MediaListView.swift in Sources */,
				F1DA42E525AB6A62009D5892 /* BaseService.swift in Sources */,
				F163452325ABB75D001A8411 /* Bundle.swift in Sources */,
				F1DA436A25AB9A3F009D5892 /* DateFormatter.swift in Sources */,
				F1F74AD525AAEFBB002D3843 /* HomeViewModel.swift in Sources */,
				F1DA42F225AB6C09009D5892 /* HomeCoordinatorDelegate.swift in Sources */,
				F1BEA62525ABB2E6007BB167 /* DatesResponseModel.swift in Sources */,
				F1DA42ED25AB6A92009D5892 /* HomeCoordinator.swift in Sources */,
				F1200CED25AAA0BA002A5F9D /* AppDelegate.swift in Sources */,
				F163452825ABB7EB001A8411 /* EnvironmentKeys.swift in Sources */,
				F1BEA61F25ABB1B7007BB167 /* MovieResponseModel.swift in Sources */,
				F1462E6525AAEA5C004808A7 /* CoordinatorProtocol.swift in Sources */,
				F1F74AEA25AAF01A002D3843 /* HomeViewModelProtocol.swift in Sources */,
				F1DA42FD25AB6CBD009D5892 /* MainCoordinator+MainCoordinator.swift in Sources */,
				F1DA434A25AB79AD009D5892 /* Bindable.swift in Sources */,
				F1DA433E25AB72FE009D5892 /* MediaCollectionViewCell.swift in Sources */,
				F1DA431D25AB71DA009D5892 /* MediaList+UICollectionViewDelegate.swift in Sources */,
				F1462E7425AAEB59004808A7 /* MainCoordinator.swift in Sources */,
				F163451325ABB560001A8411 /* MoviesRequestModel.swift in Sources */,
				F163451B25ABB722001A8411 /* Environment.swift in Sources */,
				F1200CEF25AAA0BA002A5F9D /* SceneDelegate.swift in Sources */,
				F1F74AE425AAF001002D3843 /* HomeViewController.swift in Sources */,
				F1DA436F25AB9A70009D5892 /* ModelProtocol.swift in Sources */,
				F1DA435025AB7C66009D5892 /* ContentType.swift in Sources */,
			);
			runOnlyForDeploymentPostprocessing = 0;
		};
		F1200CFB25AAA0BC002A5F9D /* Sources */ = {
			isa = PBXSourcesBuildPhase;
			buildActionMask = 2147483647;
			files = (
				F1200D0425AAA0BC002A5F9D /* MoviewareTests.swift in Sources */,
			);
			runOnlyForDeploymentPostprocessing = 0;
		};
		F1200D0625AAA0BC002A5F9D /* Sources */ = {
			isa = PBXSourcesBuildPhase;
			buildActionMask = 2147483647;
			files = (
				F1200D0F25AAA0BC002A5F9D /* MoviewareUITests.swift in Sources */,
			);
			runOnlyForDeploymentPostprocessing = 0;
		};
/* End PBXSourcesBuildPhase section */

/* Begin PBXTargetDependency section */
		F1200D0125AAA0BC002A5F9D /* PBXTargetDependency */ = {
			isa = PBXTargetDependency;
			target = F1200CE825AAA0BA002A5F9D /* TmdbMovieware */;
			targetProxy = F1200D0025AAA0BC002A5F9D /* PBXContainerItemProxy */;
		};
		F1200D0C25AAA0BC002A5F9D /* PBXTargetDependency */ = {
			isa = PBXTargetDependency;
			target = F1200CE825AAA0BA002A5F9D /* TmdbMovieware */;
			targetProxy = F1200D0B25AAA0BC002A5F9D /* PBXContainerItemProxy */;
		};
/* End PBXTargetDependency section */

/* Begin PBXVariantGroup section */
		F1200CF725AAA0BB002A5F9D /* TmdbMoviewareLaunchScreen.storyboard */ = {
			isa = PBXVariantGroup;
			children = (
				F1200CF825AAA0BB002A5F9D /* Base */,
			);
			name = TmdbMoviewareLaunchScreen.storyboard;
			sourceTree = "<group>";
		};
/* End PBXVariantGroup section */

/* Begin XCBuildConfiguration section */
		F1200D1125AAA0BC002A5F9D /* dev */ = {
			isa = XCBuildConfiguration;
			buildSettings = {
				ALWAYS_EMBED_SWIFT_STANDARD_LIBRARIES = YES;
				ALWAYS_SEARCH_USER_PATHS = NO;
				CLANG_ANALYZER_NONNULL = YES;
				CLANG_ANALYZER_NUMBER_OBJECT_CONVERSION = YES_AGGRESSIVE;
				CLANG_CXX_LANGUAGE_STANDARD = "gnu++14";
				CLANG_CXX_LIBRARY = "libc++";
				CLANG_ENABLE_MODULES = YES;
				CLANG_ENABLE_OBJC_ARC = YES;
				CLANG_ENABLE_OBJC_WEAK = YES;
				CLANG_WARN_BLOCK_CAPTURE_AUTORELEASING = YES;
				CLANG_WARN_BOOL_CONVERSION = YES;
				CLANG_WARN_COMMA = YES;
				CLANG_WARN_CONSTANT_CONVERSION = YES;
				CLANG_WARN_DEPRECATED_OBJC_IMPLEMENTATIONS = YES;
				CLANG_WARN_DIRECT_OBJC_ISA_USAGE = YES_ERROR;
				CLANG_WARN_DOCUMENTATION_COMMENTS = YES;
				CLANG_WARN_EMPTY_BODY = YES;
				CLANG_WARN_ENUM_CONVERSION = YES;
				CLANG_WARN_INFINITE_RECURSION = YES;
				CLANG_WARN_INT_CONVERSION = YES;
				CLANG_WARN_NON_LITERAL_NULL_CONVERSION = YES;
				CLANG_WARN_OBJC_IMPLICIT_RETAIN_SELF = YES;
				CLANG_WARN_OBJC_LITERAL_CONVERSION = YES;
				CLANG_WARN_OBJC_ROOT_CLASS = YES_ERROR;
				CLANG_WARN_QUOTED_INCLUDE_IN_FRAMEWORK_HEADER = YES;
				CLANG_WARN_RANGE_LOOP_ANALYSIS = YES;
				CLANG_WARN_STRICT_PROTOTYPES = YES;
				CLANG_WARN_SUSPICIOUS_MOVE = YES;
				CLANG_WARN_UNGUARDED_AVAILABILITY = YES_AGGRESSIVE;
				CLANG_WARN_UNREACHABLE_CODE = YES;
				CLANG_WARN__DUPLICATE_METHOD_MATCH = YES;
				COPY_PHASE_STRIP = NO;
				DEBUG_INFORMATION_FORMAT = dwarf;
				ENABLE_STRICT_OBJC_MSGSEND = YES;
				ENABLE_TESTABILITY = YES;
				GCC_C_LANGUAGE_STANDARD = gnu11;
				GCC_DYNAMIC_NO_PIC = NO;
				GCC_NO_COMMON_BLOCKS = YES;
				GCC_OPTIMIZATION_LEVEL = 0;
				GCC_PREPROCESSOR_DEFINITIONS = (
					"DEBUG=1",
					"$(inherited)",
				);
				GCC_WARN_64_TO_32_BIT_CONVERSION = YES;
				GCC_WARN_ABOUT_RETURN_TYPE = YES_ERROR;
				GCC_WARN_UNDECLARED_SELECTOR = YES;
				GCC_WARN_UNINITIALIZED_AUTOS = YES_AGGRESSIVE;
				GCC_WARN_UNUSED_FUNCTION = YES;
				GCC_WARN_UNUSED_VARIABLE = YES;
				IPHONEOS_DEPLOYMENT_TARGET = 12.0;
				MTL_ENABLE_DEBUG_INFO = INCLUDE_SOURCE;
				MTL_FAST_MATH = YES;
				ONLY_ACTIVE_ARCH = YES;
				SDKROOT = iphoneos;
				SWIFT_ACTIVE_COMPILATION_CONDITIONS = DEBUG;
				SWIFT_OPTIMIZATION_LEVEL = "-Onone";
			};
			name = dev;
		};
		F1200D1225AAA0BC002A5F9D /* prd */ = {
			isa = XCBuildConfiguration;
			buildSettings = {
				ALWAYS_EMBED_SWIFT_STANDARD_LIBRARIES = YES;
				ALWAYS_SEARCH_USER_PATHS = NO;
				CLANG_ANALYZER_NONNULL = YES;
				CLANG_ANALYZER_NUMBER_OBJECT_CONVERSION = YES_AGGRESSIVE;
				CLANG_CXX_LANGUAGE_STANDARD = "gnu++14";
				CLANG_CXX_LIBRARY = "libc++";
				CLANG_ENABLE_MODULES = YES;
				CLANG_ENABLE_OBJC_ARC = YES;
				CLANG_ENABLE_OBJC_WEAK = YES;
				CLANG_WARN_BLOCK_CAPTURE_AUTORELEASING = YES;
				CLANG_WARN_BOOL_CONVERSION = YES;
				CLANG_WARN_COMMA = YES;
				CLANG_WARN_CONSTANT_CONVERSION = YES;
				CLANG_WARN_DEPRECATED_OBJC_IMPLEMENTATIONS = YES;
				CLANG_WARN_DIRECT_OBJC_ISA_USAGE = YES_ERROR;
				CLANG_WARN_DOCUMENTATION_COMMENTS = YES;
				CLANG_WARN_EMPTY_BODY = YES;
				CLANG_WARN_ENUM_CONVERSION = YES;
				CLANG_WARN_INFINITE_RECURSION = YES;
				CLANG_WARN_INT_CONVERSION = YES;
				CLANG_WARN_NON_LITERAL_NULL_CONVERSION = YES;
				CLANG_WARN_OBJC_IMPLICIT_RETAIN_SELF = YES;
				CLANG_WARN_OBJC_LITERAL_CONVERSION = YES;
				CLANG_WARN_OBJC_ROOT_CLASS = YES_ERROR;
				CLANG_WARN_QUOTED_INCLUDE_IN_FRAMEWORK_HEADER = YES;
				CLANG_WARN_RANGE_LOOP_ANALYSIS = YES;
				CLANG_WARN_STRICT_PROTOTYPES = YES;
				CLANG_WARN_SUSPICIOUS_MOVE = YES;
				CLANG_WARN_UNGUARDED_AVAILABILITY = YES_AGGRESSIVE;
				CLANG_WARN_UNREACHABLE_CODE = YES;
				CLANG_WARN__DUPLICATE_METHOD_MATCH = YES;
				COPY_PHASE_STRIP = NO;
				DEBUG_INFORMATION_FORMAT = "dwarf-with-dsym";
				ENABLE_NS_ASSERTIONS = NO;
				ENABLE_STRICT_OBJC_MSGSEND = YES;
				GCC_C_LANGUAGE_STANDARD = gnu11;
				GCC_NO_COMMON_BLOCKS = YES;
				GCC_WARN_64_TO_32_BIT_CONVERSION = YES;
				GCC_WARN_ABOUT_RETURN_TYPE = YES_ERROR;
				GCC_WARN_UNDECLARED_SELECTOR = YES;
				GCC_WARN_UNINITIALIZED_AUTOS = YES_AGGRESSIVE;
				GCC_WARN_UNUSED_FUNCTION = YES;
				GCC_WARN_UNUSED_VARIABLE = YES;
				IPHONEOS_DEPLOYMENT_TARGET = 12.0;
				MTL_ENABLE_DEBUG_INFO = NO;
				MTL_FAST_MATH = YES;
				SDKROOT = iphoneos;
				SWIFT_COMPILATION_MODE = wholemodule;
				SWIFT_OPTIMIZATION_LEVEL = "-O";
				VALIDATE_PRODUCT = YES;
			};
			name = prd;
		};
		F1200D1425AAA0BC002A5F9D /* dev */ = {
			isa = XCBuildConfiguration;
			baseConfigurationReference = F198FEE825AAC21A00327990 /* TmdbMovieware-dev.xcconfig */;
			buildSettings = {
				ALWAYS_EMBED_SWIFT_STANDARD_LIBRARIES = "$(inherited)";
				ASSETCATALOG_COMPILER_APPICON_NAME = AppIcon;
				ASSETCATALOG_COMPILER_GLOBAL_ACCENT_COLOR_NAME = AccentColor;
				CODE_SIGN_STYLE = Automatic;
				DEVELOPMENT_TEAM = Z6MUH3V2QB;
				INFOPLIST_FILE = "$(SRCROOT)/Shared/SupportingFiles/Info.plist";
				IPHONEOS_DEPLOYMENT_TARGET = 12.0;
				LD_RUNPATH_SEARCH_PATHS = (
					"$(inherited)",
					"@executable_path/Frameworks",
				);
				PRODUCT_BUNDLE_IDENTIFIER = "$(APP_BUNDLE_ID)";
				PRODUCT_NAME = "$(TARGET_NAME)";
				SWIFT_VERSION = 5.0;
				TARGETED_DEVICE_FAMILY = "1,2";
			};
			name = dev;
		};
		F1200D1525AAA0BC002A5F9D /* prd */ = {
			isa = XCBuildConfiguration;
			baseConfigurationReference = F198FEEA25AAC23C00327990 /* TmdbMovieware-prd.xcconfig */;
			buildSettings = {
				ALWAYS_EMBED_SWIFT_STANDARD_LIBRARIES = "$(inherited)";
				ASSETCATALOG_COMPILER_APPICON_NAME = AppIcon;
				ASSETCATALOG_COMPILER_GLOBAL_ACCENT_COLOR_NAME = AccentColor;
				CODE_SIGN_STYLE = Automatic;
				DEVELOPMENT_TEAM = Z6MUH3V2QB;
				INFOPLIST_FILE = "$(SRCROOT)/Shared/SupportingFiles/Info.plist";
				IPHONEOS_DEPLOYMENT_TARGET = 12.0;
				LD_RUNPATH_SEARCH_PATHS = (
					"$(inherited)",
					"@executable_path/Frameworks",
				);
				PRODUCT_BUNDLE_IDENTIFIER = "$(APP_BUNDLE_ID)";
				PRODUCT_NAME = "$(TARGET_NAME)";
				SWIFT_VERSION = 5.0;
				TARGETED_DEVICE_FAMILY = "1,2";
			};
			name = prd;
		};
		F1200D1725AAA0BC002A5F9D /* dev */ = {
			isa = XCBuildConfiguration;
			baseConfigurationReference = 4B9A230963B957826E0877CD /* Pods-MoviewareTests.dev.xcconfig */;
			buildSettings = {
				ALWAYS_EMBED_SWIFT_STANDARD_LIBRARIES = "$(inherited)";
				BUNDLE_LOADER = "$(TEST_HOST)";
				CODE_SIGN_STYLE = Automatic;
				DEVELOPMENT_TEAM = Z6MUH3V2QB;
				INFOPLIST_FILE = MoviewareTests/Info.plist;
				IPHONEOS_DEPLOYMENT_TARGET = 14.3;
				LD_RUNPATH_SEARCH_PATHS = (
					"$(inherited)",
					"@executable_path/Frameworks",
					"@loader_path/Frameworks",
				);
				PRODUCT_BUNDLE_IDENTIFIER = br.com.bitxlabs.movieware.MoviewareTests;
				PRODUCT_NAME = "$(TARGET_NAME)";
				SWIFT_VERSION = 5.0;
				TARGETED_DEVICE_FAMILY = "1,2";
				TEST_HOST = "$(BUILT_PRODUCTS_DIR)/Movieware.app/Movieware";
			};
			name = dev;
		};
		F1200D1825AAA0BC002A5F9D /* prd */ = {
			isa = XCBuildConfiguration;
			baseConfigurationReference = FA059EA132200E39E8FFE01A /* Pods-MoviewareTests.prd.xcconfig */;
			buildSettings = {
				ALWAYS_EMBED_SWIFT_STANDARD_LIBRARIES = "$(inherited)";
				BUNDLE_LOADER = "$(TEST_HOST)";
				CODE_SIGN_STYLE = Automatic;
				DEVELOPMENT_TEAM = Z6MUH3V2QB;
				INFOPLIST_FILE = MoviewareTests/Info.plist;
				IPHONEOS_DEPLOYMENT_TARGET = 14.3;
				LD_RUNPATH_SEARCH_PATHS = (
					"$(inherited)",
					"@executable_path/Frameworks",
					"@loader_path/Frameworks",
				);
				PRODUCT_BUNDLE_IDENTIFIER = br.com.bitxlabs.movieware.MoviewareTests;
				PRODUCT_NAME = "$(TARGET_NAME)";
				SWIFT_VERSION = 5.0;
				TARGETED_DEVICE_FAMILY = "1,2";
				TEST_HOST = "$(BUILT_PRODUCTS_DIR)/Movieware.app/Movieware";
			};
			name = prd;
		};
		F1200D1A25AAA0BC002A5F9D /* dev */ = {
			isa = XCBuildConfiguration;
			baseConfigurationReference = 8F91B3613EA6600C2B56D6BD /* Pods-TmdbMovieware-MoviewareUITests.dev.xcconfig */;
			buildSettings = {
				ALWAYS_EMBED_SWIFT_STANDARD_LIBRARIES = "$(inherited)";
				CODE_SIGN_STYLE = Automatic;
				DEVELOPMENT_TEAM = Z6MUH3V2QB;
				INFOPLIST_FILE = MoviewareUITests/Info.plist;
				LD_RUNPATH_SEARCH_PATHS = (
					"$(inherited)",
					"@executable_path/Frameworks",
					"@loader_path/Frameworks",
				);
				PRODUCT_BUNDLE_IDENTIFIER = br.com.bitxlabs.movieware.MoviewareUITests;
				PRODUCT_NAME = "$(TARGET_NAME)";
				SWIFT_VERSION = 5.0;
				TARGETED_DEVICE_FAMILY = "1,2";
				TEST_TARGET_NAME = Movieware;
			};
			name = dev;
		};
		F1200D1B25AAA0BC002A5F9D /* prd */ = {
			isa = XCBuildConfiguration;
			baseConfigurationReference = 93FEB315BF2513ECCCAB6FC2 /* Pods-TmdbMovieware-MoviewareUITests.prd.xcconfig */;
			buildSettings = {
				ALWAYS_EMBED_SWIFT_STANDARD_LIBRARIES = "$(inherited)";
				CODE_SIGN_STYLE = Automatic;
				DEVELOPMENT_TEAM = Z6MUH3V2QB;
				INFOPLIST_FILE = MoviewareUITests/Info.plist;
				LD_RUNPATH_SEARCH_PATHS = (
					"$(inherited)",
					"@executable_path/Frameworks",
					"@loader_path/Frameworks",
				);
				PRODUCT_BUNDLE_IDENTIFIER = br.com.bitxlabs.movieware.MoviewareUITests;
				PRODUCT_NAME = "$(TARGET_NAME)";
				SWIFT_VERSION = 5.0;
				TARGETED_DEVICE_FAMILY = "1,2";
				TEST_TARGET_NAME = Movieware;
			};
			name = prd;
		};
		F198FEF325AAC33500327990 /* hml */ = {
			isa = XCBuildConfiguration;
			buildSettings = {
				ALWAYS_EMBED_SWIFT_STANDARD_LIBRARIES = YES;
				ALWAYS_SEARCH_USER_PATHS = NO;
				CLANG_ANALYZER_NONNULL = YES;
				CLANG_ANALYZER_NUMBER_OBJECT_CONVERSION = YES_AGGRESSIVE;
				CLANG_CXX_LANGUAGE_STANDARD = "gnu++14";
				CLANG_CXX_LIBRARY = "libc++";
				CLANG_ENABLE_MODULES = YES;
				CLANG_ENABLE_OBJC_ARC = YES;
				CLANG_ENABLE_OBJC_WEAK = YES;
				CLANG_WARN_BLOCK_CAPTURE_AUTORELEASING = YES;
				CLANG_WARN_BOOL_CONVERSION = YES;
				CLANG_WARN_COMMA = YES;
				CLANG_WARN_CONSTANT_CONVERSION = YES;
				CLANG_WARN_DEPRECATED_OBJC_IMPLEMENTATIONS = YES;
				CLANG_WARN_DIRECT_OBJC_ISA_USAGE = YES_ERROR;
				CLANG_WARN_DOCUMENTATION_COMMENTS = YES;
				CLANG_WARN_EMPTY_BODY = YES;
				CLANG_WARN_ENUM_CONVERSION = YES;
				CLANG_WARN_INFINITE_RECURSION = YES;
				CLANG_WARN_INT_CONVERSION = YES;
				CLANG_WARN_NON_LITERAL_NULL_CONVERSION = YES;
				CLANG_WARN_OBJC_IMPLICIT_RETAIN_SELF = YES;
				CLANG_WARN_OBJC_LITERAL_CONVERSION = YES;
				CLANG_WARN_OBJC_ROOT_CLASS = YES_ERROR;
				CLANG_WARN_QUOTED_INCLUDE_IN_FRAMEWORK_HEADER = YES;
				CLANG_WARN_RANGE_LOOP_ANALYSIS = YES;
				CLANG_WARN_STRICT_PROTOTYPES = YES;
				CLANG_WARN_SUSPICIOUS_MOVE = YES;
				CLANG_WARN_UNGUARDED_AVAILABILITY = YES_AGGRESSIVE;
				CLANG_WARN_UNREACHABLE_CODE = YES;
				CLANG_WARN__DUPLICATE_METHOD_MATCH = YES;
				COPY_PHASE_STRIP = NO;
				DEBUG_INFORMATION_FORMAT = dwarf;
				ENABLE_STRICT_OBJC_MSGSEND = YES;
				ENABLE_TESTABILITY = YES;
				GCC_C_LANGUAGE_STANDARD = gnu11;
				GCC_DYNAMIC_NO_PIC = NO;
				GCC_NO_COMMON_BLOCKS = YES;
				GCC_OPTIMIZATION_LEVEL = 0;
				GCC_PREPROCESSOR_DEFINITIONS = (
					"DEBUG=1",
					"$(inherited)",
				);
				GCC_WARN_64_TO_32_BIT_CONVERSION = YES;
				GCC_WARN_ABOUT_RETURN_TYPE = YES_ERROR;
				GCC_WARN_UNDECLARED_SELECTOR = YES;
				GCC_WARN_UNINITIALIZED_AUTOS = YES_AGGRESSIVE;
				GCC_WARN_UNUSED_FUNCTION = YES;
				GCC_WARN_UNUSED_VARIABLE = YES;
				IPHONEOS_DEPLOYMENT_TARGET = 12.0;
				MTL_ENABLE_DEBUG_INFO = INCLUDE_SOURCE;
				MTL_FAST_MATH = YES;
				ONLY_ACTIVE_ARCH = YES;
				SDKROOT = iphoneos;
				SWIFT_ACTIVE_COMPILATION_CONDITIONS = DEBUG;
				SWIFT_OPTIMIZATION_LEVEL = "-Onone";
			};
			name = hml;
		};
		F198FEF425AAC33500327990 /* hml */ = {
			isa = XCBuildConfiguration;
			baseConfigurationReference = F198FEE925AAC22C00327990 /* TmdbMovieware-hml.xcconfig */;
			buildSettings = {
				ALWAYS_EMBED_SWIFT_STANDARD_LIBRARIES = "$(inherited)";
				ASSETCATALOG_COMPILER_APPICON_NAME = AppIcon;
				ASSETCATALOG_COMPILER_GLOBAL_ACCENT_COLOR_NAME = AccentColor;
				CODE_SIGN_STYLE = Automatic;
				DEVELOPMENT_TEAM = Z6MUH3V2QB;
				INFOPLIST_FILE = "$(SRCROOT)/Shared/SupportingFiles/Info.plist";
				IPHONEOS_DEPLOYMENT_TARGET = 12.0;
				LD_RUNPATH_SEARCH_PATHS = (
					"$(inherited)",
					"@executable_path/Frameworks",
				);
				PRODUCT_BUNDLE_IDENTIFIER = "$(APP_BUNDLE_ID)";
				PRODUCT_NAME = "$(TARGET_NAME)";
				SWIFT_VERSION = 5.0;
				TARGETED_DEVICE_FAMILY = "1,2";
			};
			name = hml;
		};
		F198FEF525AAC33500327990 /* hml */ = {
			isa = XCBuildConfiguration;
			baseConfigurationReference = 3DFD2F58732BF5F3E09F1D0C /* Pods-MoviewareTests.hml.xcconfig */;
			buildSettings = {
				ALWAYS_EMBED_SWIFT_STANDARD_LIBRARIES = "$(inherited)";
				BUNDLE_LOADER = "$(TEST_HOST)";
				CODE_SIGN_STYLE = Automatic;
				DEVELOPMENT_TEAM = Z6MUH3V2QB;
				INFOPLIST_FILE = MoviewareTests/Info.plist;
				IPHONEOS_DEPLOYMENT_TARGET = 14.3;
				LD_RUNPATH_SEARCH_PATHS = (
					"$(inherited)",
					"@executable_path/Frameworks",
					"@loader_path/Frameworks",
				);
				PRODUCT_BUNDLE_IDENTIFIER = br.com.bitxlabs.movieware.MoviewareTests;
				PRODUCT_NAME = "$(TARGET_NAME)";
				SWIFT_VERSION = 5.0;
				TARGETED_DEVICE_FAMILY = "1,2";
				TEST_HOST = "$(BUILT_PRODUCTS_DIR)/Movieware.app/Movieware";
			};
			name = hml;
		};
		F198FEF625AAC33500327990 /* hml */ = {
			isa = XCBuildConfiguration;
			baseConfigurationReference = 67C868CF80531660098E06C7 /* Pods-TmdbMovieware-MoviewareUITests.hml.xcconfig */;
			buildSettings = {
				ALWAYS_EMBED_SWIFT_STANDARD_LIBRARIES = "$(inherited)";
				CODE_SIGN_STYLE = Automatic;
				DEVELOPMENT_TEAM = Z6MUH3V2QB;
				INFOPLIST_FILE = MoviewareUITests/Info.plist;
				LD_RUNPATH_SEARCH_PATHS = (
					"$(inherited)",
					"@executable_path/Frameworks",
					"@loader_path/Frameworks",
				);
				PRODUCT_BUNDLE_IDENTIFIER = br.com.bitxlabs.movieware.MoviewareUITests;
				PRODUCT_NAME = "$(TARGET_NAME)";
				SWIFT_VERSION = 5.0;
				TARGETED_DEVICE_FAMILY = "1,2";
				TEST_TARGET_NAME = Movieware;
			};
			name = hml;
		};
/* End XCBuildConfiguration section */

/* Begin XCConfigurationList section */
		F1200CE425AAA0BA002A5F9D /* Build configuration list for PBXProject "Movieware" */ = {
			isa = XCConfigurationList;
			buildConfigurations = (
				F1200D1125AAA0BC002A5F9D /* dev */,
				F198FEF325AAC33500327990 /* hml */,
				F1200D1225AAA0BC002A5F9D /* prd */,
			);
			defaultConfigurationIsVisible = 0;
			defaultConfigurationName = prd;
		};
		F1200D1325AAA0BC002A5F9D /* Build configuration list for PBXNativeTarget "TmdbMovieware" */ = {
			isa = XCConfigurationList;
			buildConfigurations = (
				F1200D1425AAA0BC002A5F9D /* dev */,
				F198FEF425AAC33500327990 /* hml */,
				F1200D1525AAA0BC002A5F9D /* prd */,
			);
			defaultConfigurationIsVisible = 0;
			defaultConfigurationName = prd;
		};
		F1200D1625AAA0BC002A5F9D /* Build configuration list for PBXNativeTarget "MoviewareTests" */ = {
			isa = XCConfigurationList;
			buildConfigurations = (
				F1200D1725AAA0BC002A5F9D /* dev */,
				F198FEF525AAC33500327990 /* hml */,
				F1200D1825AAA0BC002A5F9D /* prd */,
			);
			defaultConfigurationIsVisible = 0;
			defaultConfigurationName = prd;
		};
		F1200D1925AAA0BC002A5F9D /* Build configuration list for PBXNativeTarget "MoviewareUITests" */ = {
			isa = XCConfigurationList;
			buildConfigurations = (
				F1200D1A25AAA0BC002A5F9D /* dev */,
				F198FEF625AAC33500327990 /* hml */,
				F1200D1B25AAA0BC002A5F9D /* prd */,
			);
			defaultConfigurationIsVisible = 0;
			defaultConfigurationName = prd;
		};
/* End XCConfigurationList section */
	};
	rootObject = F1200CE125AAA0BA002A5F9D /* Project object */;
}
