// !$*UTF8*$!
{
	archiveVersion = 1;
	classes = {
	};
	objectVersion = 51;
	objects = {

/* Begin PBXBuildFile section */
		184BB26B08A149AA9FA4E95E /* Pods_MoviewareTests.framework in Frameworks */ = {isa = PBXBuildFile; fileRef = 540250B9153E435E221AD172 /* Pods_MoviewareTests.framework */; };
		B692E3576FFC0FAD330F7E2A /* Pods_TmdbMovieware.framework in Frameworks */ = {isa = PBXBuildFile; fileRef = AE350C0BC3610D4E86B84ADD /* Pods_TmdbMovieware.framework */; };
		F117AB172688DA140015FEC3 /* LocalButton.swift in Sources */ = {isa = PBXBuildFile; fileRef = F117AB162688DA140015FEC3 /* LocalButton.swift */; };
		F11F540426630C1D00566EC0 /* UseCaseProtocol.swift in Sources */ = {isa = PBXBuildFile; fileRef = F11F540326630C1D00566EC0 /* UseCaseProtocol.swift */; };
		F11F540726630D6C00566EC0 /* AccountSessionModel.swift in Sources */ = {isa = PBXBuildFile; fileRef = F11F540626630D6C00566EC0 /* AccountSessionModel.swift */; };
		F11F540A26630F5B00566EC0 /* AccountRoutes.swift in Sources */ = {isa = PBXBuildFile; fileRef = F11F540926630F5B00566EC0 /* AccountRoutes.swift */; };
		F11F540E266329B700566EC0 /* AccountService.swift in Sources */ = {isa = PBXBuildFile; fileRef = F11F540D266329B700566EC0 /* AccountService.swift */; };
		F11F541226632D5A00566EC0 /* AccountResponseModel.swift in Sources */ = {isa = PBXBuildFile; fileRef = F11F541126632D5A00566EC0 /* AccountResponseModel.swift */; };
		F11F541526640BF500566EC0 /* RouteProtocol.swift in Sources */ = {isa = PBXBuildFile; fileRef = F11F541426640BF500566EC0 /* RouteProtocol.swift */; };
		F1200CED25AAA0BA002A5F9D /* AppDelegate.swift in Sources */ = {isa = PBXBuildFile; fileRef = F1200CEC25AAA0BA002A5F9D /* AppDelegate.swift */; };
		F1200CEF25AAA0BA002A5F9D /* SceneDelegate.swift in Sources */ = {isa = PBXBuildFile; fileRef = F1200CEE25AAA0BA002A5F9D /* SceneDelegate.swift */; };
		F1200CF625AAA0BB002A5F9D /* Assets.xcassets in Resources */ = {isa = PBXBuildFile; fileRef = F1200CF525AAA0BB002A5F9D /* Assets.xcassets */; };
		F1200CF925AAA0BB002A5F9D /* TmdbMoviewareLaunchScreen.storyboard in Resources */ = {isa = PBXBuildFile; fileRef = F1200CF725AAA0BB002A5F9D /* TmdbMoviewareLaunchScreen.storyboard */; };
		F1200D0F25AAA0BC002A5F9D /* MoviewareUITests.swift in Sources */ = {isa = PBXBuildFile; fileRef = F1200D0E25AAA0BC002A5F9D /* MoviewareUITests.swift */; };
		F12F3B072686F99C00B8F131 /* LocalizableKeys.swift in Sources */ = {isa = PBXBuildFile; fileRef = F12F3B062686F99C00B8F131 /* LocalizableKeys.swift */; };
		F1369EDC266B9C2400BCEE90 /* DefaultsManager.swift in Sources */ = {isa = PBXBuildFile; fileRef = F1369EDB266B9C2400BCEE90 /* DefaultsManager.swift */; };
		F1369EDF266BA23600BCEE90 /* AuthenticationUseCaseTests.swift in Sources */ = {isa = PBXBuildFile; fileRef = F1369EDE266BA23600BCEE90 /* AuthenticationUseCaseTests.swift */; };
		F1369EE3266BA34100BCEE90 /* get-token-200.json in Resources */ = {isa = PBXBuildFile; fileRef = F1369EE2266BA34100BCEE90 /* get-token-200.json */; };
		F1369EE5266BA38C00BCEE90 /* get-token-401.json in Resources */ = {isa = PBXBuildFile; fileRef = F1369EE4266BA38C00BCEE90 /* get-token-401.json */; };
		F1369EE7266BA3DE00BCEE90 /* post-validate-200.json in Resources */ = {isa = PBXBuildFile; fileRef = F1369EE6266BA3DE00BCEE90 /* post-validate-200.json */; };
		F1369EE9266BA46700BCEE90 /* new-session-401.json in Resources */ = {isa = PBXBuildFile; fileRef = F1369EE8266BA46700BCEE90 /* new-session-401.json */; };
		F1369EEB266BA49000BCEE90 /* new-session-200.json in Resources */ = {isa = PBXBuildFile; fileRef = F1369EEA266BA49000BCEE90 /* new-session-200.json */; };
		F1369EED266BA51000BCEE90 /* delete-session-200.json in Resources */ = {isa = PBXBuildFile; fileRef = F1369EEC266BA51000BCEE90 /* delete-session-200.json */; };
		F1369EEF266BA53300BCEE90 /* delete-session-200-6.json in Resources */ = {isa = PBXBuildFile; fileRef = F1369EEE266BA53300BCEE90 /* delete-session-200-6.json */; };
		F1369EF1266BE3C200BCEE90 /* AuthenticationServiceMock.swift in Sources */ = {isa = PBXBuildFile; fileRef = F1369EF0266BE3C200BCEE90 /* AuthenticationServiceMock.swift */; };
		F1369EF4266BE41D00BCEE90 /* TestableServiceMockProtocol.swift in Sources */ = {isa = PBXBuildFile; fileRef = F1369EF3266BE41D00BCEE90 /* TestableServiceMockProtocol.swift */; };
		F1369EF6266C1B5400BCEE90 /* post-validate-401.json in Resources */ = {isa = PBXBuildFile; fileRef = F1369EF5266C1B5400BCEE90 /* post-validate-401.json */; };
		F1369EF8266C20B500BCEE90 /* String.swift in Sources */ = {isa = PBXBuildFile; fileRef = F1369EF7266C20B500BCEE90 /* String.swift */; };
		F1369EFC266C23A900BCEE90 /* StringExtensionsTest.swift in Sources */ = {isa = PBXBuildFile; fileRef = F1369EFB266C23A900BCEE90 /* StringExtensionsTest.swift */; };
		F13AEA5925AEBE4A0091BF27 /* NetworkError.swift in Sources */ = {isa = PBXBuildFile; fileRef = F13AEA5825AEBE4A0091BF27 /* NetworkError.swift */; };
		F13BFA482687D25E004085B8 /* GoogleService-Info.plist in Resources */ = {isa = PBXBuildFile; fileRef = F13DE89D2675101800F76298 /* GoogleService-Info.plist */; };
		F13BFA492687D262004085B8 /* TmdbMovieware-dev.xcconfig in Resources */ = {isa = PBXBuildFile; fileRef = F198FEE825AAC21A00327990 /* TmdbMovieware-dev.xcconfig */; };
		F13BFA4A2687D266004085B8 /* TmdbMovieware-hml.xcconfig in Resources */ = {isa = PBXBuildFile; fileRef = F198FEE925AAC22C00327990 /* TmdbMovieware-hml.xcconfig */; };
		F13BFA4B2687D269004085B8 /* TmdbMovieware-prd.xcconfig in Resources */ = {isa = PBXBuildFile; fileRef = F198FEEA25AAC23C00327990 /* TmdbMovieware-prd.xcconfig */; };
		F13BFA4E2688C3E9004085B8 /* LocalTextField.swift in Sources */ = {isa = PBXBuildFile; fileRef = F13BFA4D2688C3E9004085B8 /* LocalTextField.swift */; };
		F13BFA502688CF6C004085B8 /* KeyboardConstraint.swift in Sources */ = {isa = PBXBuildFile; fileRef = F13BFA4F2688CF6C004085B8 /* KeyboardConstraint.swift */; };
		F13DE89326747DF600F76298 /* LoginViewController.swift in Sources */ = {isa = PBXBuildFile; fileRef = F13DE89126747DF600F76298 /* LoginViewController.swift */; };
		F13DE89426747DF600F76298 /* LoginViewController.xib in Resources */ = {isa = PBXBuildFile; fileRef = F13DE89226747DF600F76298 /* LoginViewController.xib */; };
		F13DE89626747E1D00F76298 /* LoginViewModel.swift in Sources */ = {isa = PBXBuildFile; fileRef = F13DE89526747E1D00F76298 /* LoginViewModel.swift */; };
		F13DE89826747E5300F76298 /* LoginCoordinator.swift in Sources */ = {isa = PBXBuildFile; fileRef = F13DE89726747E5300F76298 /* LoginCoordinator.swift */; };
		F13DE89A26747F3400F76298 /* BaseViewController.swift in Sources */ = {isa = PBXBuildFile; fileRef = F13DE89926747F3400F76298 /* BaseViewController.swift */; };
		F13DE89C2675100700F76298 /* GoogleService-Info-dev.plist in Resources */ = {isa = PBXBuildFile; fileRef = F13DE89B2675100700F76298 /* GoogleService-Info-dev.plist */; };
		F13DE8A42675999900F76298 /* Exo2-Regular.ttf in Resources */ = {isa = PBXBuildFile; fileRef = F13DE8A02675999800F76298 /* Exo2-Regular.ttf */; };
		F13DE8A52675999900F76298 /* Exo2-Bold.ttf in Resources */ = {isa = PBXBuildFile; fileRef = F13DE8A12675999900F76298 /* Exo2-Bold.ttf */; };
		F13DE8A62675999900F76298 /* Exo2-Light.ttf in Resources */ = {isa = PBXBuildFile; fileRef = F13DE8A22675999900F76298 /* Exo2-Light.ttf */; };
		F13DE8A72675999900F76298 /* Exo2-Medium.ttf in Resources */ = {isa = PBXBuildFile; fileRef = F13DE8A32675999900F76298 /* Exo2-Medium.ttf */; };
		F13DE8AB26759DD700F76298 /* Colors.xcassets in Resources */ = {isa = PBXBuildFile; fileRef = F13DE8AA26759DD700F76298 /* Colors.xcassets */; };
		F13DE8AE2675CAE900F76298 /* HomeViewController.swift in Sources */ = {isa = PBXBuildFile; fileRef = F13DE8AC2675CAE900F76298 /* HomeViewController.swift */; };
		F13DE8AF2675CAE900F76298 /* HomeViewController.xib in Resources */ = {isa = PBXBuildFile; fileRef = F13DE8AD2675CAE900F76298 /* HomeViewController.xib */; };
		F1435ABC268AD164009302AB /* UIViewController+dismissKeyboard.swift in Sources */ = {isa = PBXBuildFile; fileRef = F1435ABB268AD164009302AB /* UIViewController+dismissKeyboard.swift */; };
		F1435ABE268AD2D1009302AB /* FontManager.swift in Sources */ = {isa = PBXBuildFile; fileRef = F1435ABD268AD2D1009302AB /* FontManager.swift */; };
		F1435AC0268AD4F8009302AB /* FontManager+TmdbMovieware.swift in Sources */ = {isa = PBXBuildFile; fileRef = F1435ABF268AD4F8009302AB /* FontManager+TmdbMovieware.swift */; };
		F1462E6525AAEA5C004808A7 /* CoordinatorProtocol.swift in Sources */ = {isa = PBXBuildFile; fileRef = F1462E6425AAEA5C004808A7 /* CoordinatorProtocol.swift */; };
		F1462E7425AAEB59004808A7 /* MainCoordinator.swift in Sources */ = {isa = PBXBuildFile; fileRef = F1462E7325AAEB59004808A7 /* MainCoordinator.swift */; };
		F163451325ABB560001A8411 /* MoviesRequestModel.swift in Sources */ = {isa = PBXBuildFile; fileRef = F163451225ABB560001A8411 /* MoviesRequestModel.swift */; };
		F163451B25ABB722001A8411 /* Environment.swift in Sources */ = {isa = PBXBuildFile; fileRef = F163451A25ABB722001A8411 /* Environment.swift */; };
		F163452325ABB75D001A8411 /* Bundle.swift in Sources */ = {isa = PBXBuildFile; fileRef = F163452225ABB75D001A8411 /* Bundle.swift */; };
		F163452825ABB7EB001A8411 /* EnvironmentKeys.swift in Sources */ = {isa = PBXBuildFile; fileRef = F163452725ABB7EB001A8411 /* EnvironmentKeys.swift */; };
		F1AD0F9726698AC300513CCF /* AuthenticationService.swift in Sources */ = {isa = PBXBuildFile; fileRef = F1AD0F9626698AC300513CCF /* AuthenticationService.swift */; };
		F1AD0F99266992CE00513CCF /* DeleteSessionResponseModel.swift in Sources */ = {isa = PBXBuildFile; fileRef = F1AD0F98266992CE00513CCF /* DeleteSessionResponseModel.swift */; };
		F1BEA61A25ABB1A1007BB167 /* MovieCollectionResponseModel.swift in Sources */ = {isa = PBXBuildFile; fileRef = F1BEA61925ABB1A1007BB167 /* MovieCollectionResponseModel.swift */; };
		F1BEA61F25ABB1B7007BB167 /* MovieResponseModel.swift in Sources */ = {isa = PBXBuildFile; fileRef = F1BEA61E25ABB1B7007BB167 /* MovieResponseModel.swift */; };
		F1BEA62525ABB2E6007BB167 /* DatesResponseModel.swift in Sources */ = {isa = PBXBuildFile; fileRef = F1BEA62425ABB2E6007BB167 /* DatesResponseModel.swift */; };
		F1BEA62D25ABB411007BB167 /* MovieRoutes.swift in Sources */ = {isa = PBXBuildFile; fileRef = F1BEA62C25ABB411007BB167 /* MovieRoutes.swift */; };
		F1DA42E525AB6A62009D5892 /* BaseService.swift in Sources */ = {isa = PBXBuildFile; fileRef = F1DA42E425AB6A62009D5892 /* BaseService.swift */; };
		F1DA42ED25AB6A92009D5892 /* HomeCoordinator.swift in Sources */ = {isa = PBXBuildFile; fileRef = F1DA42EC25AB6A92009D5892 /* HomeCoordinator.swift */; };
		F1DA430825AB6ED2009D5892 /* MediaListView.swift in Sources */ = {isa = PBXBuildFile; fileRef = F1DA430625AB6ED2009D5892 /* MediaListView.swift */; };
		F1DA430925AB6ED2009D5892 /* MediaListView.xib in Resources */ = {isa = PBXBuildFile; fileRef = F1DA430725AB6ED2009D5892 /* MediaListView.xib */; };
		F1DA433E25AB72FE009D5892 /* MediaCollectionViewCell.swift in Sources */ = {isa = PBXBuildFile; fileRef = F1DA433C25AB72FE009D5892 /* MediaCollectionViewCell.swift */; };
		F1DA433F25AB72FE009D5892 /* MediaCollectionViewCell.xib in Resources */ = {isa = PBXBuildFile; fileRef = F1DA433D25AB72FE009D5892 /* MediaCollectionViewCell.xib */; };
		F1DA434425AB7557009D5892 /* Default.strings in Resources */ = {isa = PBXBuildFile; fileRef = F1DA434325AB7557009D5892 /* Default.strings */; };
		F1DA434A25AB79AD009D5892 /* Bindable.swift in Sources */ = {isa = PBXBuildFile; fileRef = F1DA434925AB79AD009D5892 /* Bindable.swift */; };
		F1DA435025AB7C66009D5892 /* ContentType.swift in Sources */ = {isa = PBXBuildFile; fileRef = F1DA434F25AB7C66009D5892 /* ContentType.swift */; };
		F1DA435525AB98D4009D5892 /* BasicStatusResponseModel.swift in Sources */ = {isa = PBXBuildFile; fileRef = F1DA435425AB98D4009D5892 /* BasicStatusResponseModel.swift */; };
		F1DA436A25AB9A3F009D5892 /* DateFormatter.swift in Sources */ = {isa = PBXBuildFile; fileRef = F1DA436925AB9A3F009D5892 /* DateFormatter.swift */; };
		F1DA436F25AB9A70009D5892 /* ModelProtocol.swift in Sources */ = {isa = PBXBuildFile; fileRef = F1DA436E25AB9A70009D5892 /* ModelProtocol.swift */; };
		F1E3B9AA2662ED8100D3A9BA /* AuthhenticationRoutes.swift in Sources */ = {isa = PBXBuildFile; fileRef = F1E3B9A92662ED8100D3A9BA /* AuthhenticationRoutes.swift */; };
		F1E3B9AC2662F0D100D3A9BA /* ValidateLoginRequestModel.swift in Sources */ = {isa = PBXBuildFile; fileRef = F1E3B9AB2662F0D100D3A9BA /* ValidateLoginRequestModel.swift */; };
		F1E3B9AE2662F1BE00D3A9BA /* TokenResponseModel.swift in Sources */ = {isa = PBXBuildFile; fileRef = F1E3B9AD2662F1BE00D3A9BA /* TokenResponseModel.swift */; };
		F1E3B9B12662F3B200D3A9BA /* SessionRequestModel.swift in Sources */ = {isa = PBXBuildFile; fileRef = F1E3B9B02662F3B200D3A9BA /* SessionRequestModel.swift */; };
		F1E3B9B32662F3E900D3A9BA /* SessionResponseModel.swift in Sources */ = {isa = PBXBuildFile; fileRef = F1E3B9B22662F3E800D3A9BA /* SessionResponseModel.swift */; };
		F1E3B9B52662F4AB00D3A9BA /* DeleteSessionRequestModel.swift in Sources */ = {isa = PBXBuildFile; fileRef = F1E3B9B42662F4AB00D3A9BA /* DeleteSessionRequestModel.swift */; };
		F1E3B9B82662F56200D3A9BA /* AuthenticationUseCase.swift in Sources */ = {isa = PBXBuildFile; fileRef = F1E3B9B72662F56200D3A9BA /* AuthenticationUseCase.swift */; };
		F1F74AD525AAEFBB002D3843 /* HomeViewModel.swift in Sources */ = {isa = PBXBuildFile; fileRef = F1F74AD425AAEFBB002D3843 /* HomeViewModel.swift */; };
		FF41DF456220B7D64FAC5C2D /* Pods_TmdbMovieware_MoviewareUITests.framework in Frameworks */ = {isa = PBXBuildFile; fileRef = 63D001B1D147509CED0614C3 /* Pods_TmdbMovieware_MoviewareUITests.framework */; };
/* End PBXBuildFile section */

/* Begin PBXContainerItemProxy section */
		F1200D0025AAA0BC002A5F9D /* PBXContainerItemProxy */ = {
			isa = PBXContainerItemProxy;
			containerPortal = F1200CE125AAA0BA002A5F9D /* Project object */;
			proxyType = 1;
			remoteGlobalIDString = F1200CE825AAA0BA002A5F9D;
			remoteInfo = Movieware;
		};
		F1200D0B25AAA0BC002A5F9D /* PBXContainerItemProxy */ = {
			isa = PBXContainerItemProxy;
			containerPortal = F1200CE125AAA0BA002A5F9D /* Project object */;
			proxyType = 1;
			remoteGlobalIDString = F1200CE825AAA0BA002A5F9D;
			remoteInfo = Movieware;
		};
/* End PBXContainerItemProxy section */

/* Begin PBXFileReference section */
		2D553AA304F9478D8420A823 /* Pods-TmdbMovieware.dev.xcconfig */ = {isa = PBXFileReference; includeInIndex = 1; lastKnownFileType = text.xcconfig; name = "Pods-TmdbMovieware.dev.xcconfig"; path = "Target Support Files/Pods-TmdbMovieware/Pods-TmdbMovieware.dev.xcconfig"; sourceTree = "<group>"; };
		3DFD2F58732BF5F3E09F1D0C /* Pods-MoviewareTests.hml.xcconfig */ = {isa = PBXFileReference; includeInIndex = 1; lastKnownFileType = text.xcconfig; name = "Pods-MoviewareTests.hml.xcconfig"; path = "Target Support Files/Pods-MoviewareTests/Pods-MoviewareTests.hml.xcconfig"; sourceTree = "<group>"; };
		4B9A230963B957826E0877CD /* Pods-MoviewareTests.dev.xcconfig */ = {isa = PBXFileReference; includeInIndex = 1; lastKnownFileType = text.xcconfig; name = "Pods-MoviewareTests.dev.xcconfig"; path = "Target Support Files/Pods-MoviewareTests/Pods-MoviewareTests.dev.xcconfig"; sourceTree = "<group>"; };
		5205615C2FB22F32A6B0B552 /* Pods-TmdbMovieware.hml.xcconfig */ = {isa = PBXFileReference; includeInIndex = 1; lastKnownFileType = text.xcconfig; name = "Pods-TmdbMovieware.hml.xcconfig"; path = "Target Support Files/Pods-TmdbMovieware/Pods-TmdbMovieware.hml.xcconfig"; sourceTree = "<group>"; };
		540250B9153E435E221AD172 /* Pods_MoviewareTests.framework */ = {isa = PBXFileReference; explicitFileType = wrapper.framework; includeInIndex = 0; path = Pods_MoviewareTests.framework; sourceTree = BUILT_PRODUCTS_DIR; };
		63D001B1D147509CED0614C3 /* Pods_TmdbMovieware_MoviewareUITests.framework */ = {isa = PBXFileReference; explicitFileType = wrapper.framework; includeInIndex = 0; path = Pods_TmdbMovieware_MoviewareUITests.framework; sourceTree = BUILT_PRODUCTS_DIR; };
		67C868CF80531660098E06C7 /* Pods-TmdbMovieware-MoviewareUITests.hml.xcconfig */ = {isa = PBXFileReference; includeInIndex = 1; lastKnownFileType = text.xcconfig; name = "Pods-TmdbMovieware-MoviewareUITests.hml.xcconfig"; path = "Target Support Files/Pods-TmdbMovieware-MoviewareUITests/Pods-TmdbMovieware-MoviewareUITests.hml.xcconfig"; sourceTree = "<group>"; };
		8F91B3613EA6600C2B56D6BD /* Pods-TmdbMovieware-MoviewareUITests.dev.xcconfig */ = {isa = PBXFileReference; includeInIndex = 1; lastKnownFileType = text.xcconfig; name = "Pods-TmdbMovieware-MoviewareUITests.dev.xcconfig"; path = "Target Support Files/Pods-TmdbMovieware-MoviewareUITests/Pods-TmdbMovieware-MoviewareUITests.dev.xcconfig"; sourceTree = "<group>"; };
		93FEB315BF2513ECCCAB6FC2 /* Pods-TmdbMovieware-MoviewareUITests.prd.xcconfig */ = {isa = PBXFileReference; includeInIndex = 1; lastKnownFileType = text.xcconfig; name = "Pods-TmdbMovieware-MoviewareUITests.prd.xcconfig"; path = "Target Support Files/Pods-TmdbMovieware-MoviewareUITests/Pods-TmdbMovieware-MoviewareUITests.prd.xcconfig"; sourceTree = "<group>"; };
		AE350C0BC3610D4E86B84ADD /* Pods_TmdbMovieware.framework */ = {isa = PBXFileReference; explicitFileType = wrapper.framework; includeInIndex = 0; path = Pods_TmdbMovieware.framework; sourceTree = BUILT_PRODUCTS_DIR; };
		B8DE56139C6F9DB62B2CA596 /* Pods-TmdbMovieware.prd.xcconfig */ = {isa = PBXFileReference; includeInIndex = 1; lastKnownFileType = text.xcconfig; name = "Pods-TmdbMovieware.prd.xcconfig"; path = "Target Support Files/Pods-TmdbMovieware/Pods-TmdbMovieware.prd.xcconfig"; sourceTree = "<group>"; };
		F117AB162688DA140015FEC3 /* LocalButton.swift */ = {isa = PBXFileReference; lastKnownFileType = sourcecode.swift; path = LocalButton.swift; sourceTree = "<group>"; };
		F11F540326630C1D00566EC0 /* UseCaseProtocol.swift */ = {isa = PBXFileReference; lastKnownFileType = sourcecode.swift; path = UseCaseProtocol.swift; sourceTree = "<group>"; };
		F11F540626630D6C00566EC0 /* AccountSessionModel.swift */ = {isa = PBXFileReference; lastKnownFileType = sourcecode.swift; path = AccountSessionModel.swift; sourceTree = "<group>"; };
		F11F540926630F5B00566EC0 /* AccountRoutes.swift */ = {isa = PBXFileReference; lastKnownFileType = sourcecode.swift; path = AccountRoutes.swift; sourceTree = "<group>"; };
		F11F540D266329B700566EC0 /* AccountService.swift */ = {isa = PBXFileReference; lastKnownFileType = sourcecode.swift; path = AccountService.swift; sourceTree = "<group>"; };
		F11F541126632D5A00566EC0 /* AccountResponseModel.swift */ = {isa = PBXFileReference; lastKnownFileType = sourcecode.swift; path = AccountResponseModel.swift; sourceTree = "<group>"; };
		F11F541426640BF500566EC0 /* RouteProtocol.swift */ = {isa = PBXFileReference; lastKnownFileType = sourcecode.swift; path = RouteProtocol.swift; sourceTree = "<group>"; };
		F1200CE925AAA0BA002A5F9D /* TmdbMovieware.app */ = {isa = PBXFileReference; explicitFileType = wrapper.application; includeInIndex = 0; path = TmdbMovieware.app; sourceTree = BUILT_PRODUCTS_DIR; };
		F1200CEC25AAA0BA002A5F9D /* AppDelegate.swift */ = {isa = PBXFileReference; lastKnownFileType = sourcecode.swift; path = AppDelegate.swift; sourceTree = "<group>"; };
		F1200CEE25AAA0BA002A5F9D /* SceneDelegate.swift */ = {isa = PBXFileReference; lastKnownFileType = sourcecode.swift; path = SceneDelegate.swift; sourceTree = "<group>"; };
		F1200CF525AAA0BB002A5F9D /* Assets.xcassets */ = {isa = PBXFileReference; lastKnownFileType = folder.assetcatalog; path = Assets.xcassets; sourceTree = "<group>"; };
		F1200CF825AAA0BB002A5F9D /* Base */ = {isa = PBXFileReference; lastKnownFileType = file.storyboard; name = Base; path = Base.lproj/TmdbMoviewareLaunchScreen.storyboard; sourceTree = "<group>"; };
		F1200CFA25AAA0BB002A5F9D /* Info.plist */ = {isa = PBXFileReference; lastKnownFileType = text.plist.xml; path = Info.plist; sourceTree = "<group>"; };
		F1200CFF25AAA0BC002A5F9D /* MoviewareTests.xctest */ = {isa = PBXFileReference; explicitFileType = wrapper.cfbundle; includeInIndex = 0; path = MoviewareTests.xctest; sourceTree = BUILT_PRODUCTS_DIR; };
		F1200D0525AAA0BC002A5F9D /* Info.plist */ = {isa = PBXFileReference; lastKnownFileType = text.plist.xml; path = Info.plist; sourceTree = "<group>"; };
		F1200D0A25AAA0BC002A5F9D /* MoviewareUITests.xctest */ = {isa = PBXFileReference; explicitFileType = wrapper.cfbundle; includeInIndex = 0; path = MoviewareUITests.xctest; sourceTree = BUILT_PRODUCTS_DIR; };
		F1200D0E25AAA0BC002A5F9D /* MoviewareUITests.swift */ = {isa = PBXFileReference; lastKnownFileType = sourcecode.swift; path = MoviewareUITests.swift; sourceTree = "<group>"; };
		F1200D1025AAA0BC002A5F9D /* Info.plist */ = {isa = PBXFileReference; lastKnownFileType = text.plist.xml; path = Info.plist; sourceTree = "<group>"; };
		F12F3B062686F99C00B8F131 /* LocalizableKeys.swift */ = {isa = PBXFileReference; lastKnownFileType = sourcecode.swift; path = LocalizableKeys.swift; sourceTree = "<group>"; };
		F1369EDB266B9C2400BCEE90 /* DefaultsManager.swift */ = {isa = PBXFileReference; lastKnownFileType = sourcecode.swift; path = DefaultsManager.swift; sourceTree = "<group>"; };
		F1369EDE266BA23600BCEE90 /* AuthenticationUseCaseTests.swift */ = {isa = PBXFileReference; lastKnownFileType = sourcecode.swift; path = AuthenticationUseCaseTests.swift; sourceTree = "<group>"; };
		F1369EE2266BA34100BCEE90 /* get-token-200.json */ = {isa = PBXFileReference; lastKnownFileType = text.json; path = "get-token-200.json"; sourceTree = "<group>"; };
		F1369EE4266BA38C00BCEE90 /* get-token-401.json */ = {isa = PBXFileReference; lastKnownFileType = text.json; path = "get-token-401.json"; sourceTree = "<group>"; };
		F1369EE6266BA3DE00BCEE90 /* post-validate-200.json */ = {isa = PBXFileReference; lastKnownFileType = text.json; path = "post-validate-200.json"; sourceTree = "<group>"; };
		F1369EE8266BA46700BCEE90 /* new-session-401.json */ = {isa = PBXFileReference; lastKnownFileType = text.json; path = "new-session-401.json"; sourceTree = "<group>"; };
		F1369EEA266BA49000BCEE90 /* new-session-200.json */ = {isa = PBXFileReference; lastKnownFileType = text.json; path = "new-session-200.json"; sourceTree = "<group>"; };
		F1369EEC266BA51000BCEE90 /* delete-session-200.json */ = {isa = PBXFileReference; lastKnownFileType = text.json; path = "delete-session-200.json"; sourceTree = "<group>"; };
		F1369EEE266BA53300BCEE90 /* delete-session-200-6.json */ = {isa = PBXFileReference; lastKnownFileType = text.json; path = "delete-session-200-6.json"; sourceTree = "<group>"; };
		F1369EF0266BE3C200BCEE90 /* AuthenticationServiceMock.swift */ = {isa = PBXFileReference; lastKnownFileType = sourcecode.swift; path = AuthenticationServiceMock.swift; sourceTree = "<group>"; };
		F1369EF3266BE41D00BCEE90 /* TestableServiceMockProtocol.swift */ = {isa = PBXFileReference; lastKnownFileType = sourcecode.swift; path = TestableServiceMockProtocol.swift; sourceTree = "<group>"; };
		F1369EF5266C1B5400BCEE90 /* post-validate-401.json */ = {isa = PBXFileReference; lastKnownFileType = text.json; path = "post-validate-401.json"; sourceTree = "<group>"; };
		F1369EF7266C20B500BCEE90 /* String.swift */ = {isa = PBXFileReference; lastKnownFileType = sourcecode.swift; path = String.swift; sourceTree = "<group>"; };
		F1369EFB266C23A900BCEE90 /* StringExtensionsTest.swift */ = {isa = PBXFileReference; lastKnownFileType = sourcecode.swift; path = StringExtensionsTest.swift; sourceTree = "<group>"; };
		F13AEA5825AEBE4A0091BF27 /* NetworkError.swift */ = {isa = PBXFileReference; lastKnownFileType = sourcecode.swift; path = NetworkError.swift; sourceTree = "<group>"; };
		F13BFA4D2688C3E9004085B8 /* LocalTextField.swift */ = {isa = PBXFileReference; lastKnownFileType = sourcecode.swift; path = LocalTextField.swift; sourceTree = "<group>"; };
		F13BFA4F2688CF6C004085B8 /* KeyboardConstraint.swift */ = {isa = PBXFileReference; lastKnownFileType = sourcecode.swift; path = KeyboardConstraint.swift; sourceTree = "<group>"; };
		F13DE89126747DF600F76298 /* LoginViewController.swift */ = {isa = PBXFileReference; lastKnownFileType = sourcecode.swift; path = LoginViewController.swift; sourceTree = "<group>"; };
		F13DE89226747DF600F76298 /* LoginViewController.xib */ = {isa = PBXFileReference; lastKnownFileType = file.xib; path = LoginViewController.xib; sourceTree = "<group>"; };
		F13DE89526747E1D00F76298 /* LoginViewModel.swift */ = {isa = PBXFileReference; lastKnownFileType = sourcecode.swift; path = LoginViewModel.swift; sourceTree = "<group>"; };
		F13DE89726747E5300F76298 /* LoginCoordinator.swift */ = {isa = PBXFileReference; lastKnownFileType = sourcecode.swift; path = LoginCoordinator.swift; sourceTree = "<group>"; };
		F13DE89926747F3400F76298 /* BaseViewController.swift */ = {isa = PBXFileReference; lastKnownFileType = sourcecode.swift; path = BaseViewController.swift; sourceTree = "<group>"; };
		F13DE89B2675100700F76298 /* GoogleService-Info-dev.plist */ = {isa = PBXFileReference; fileEncoding = 4; lastKnownFileType = text.plist.xml; path = "GoogleService-Info-dev.plist"; sourceTree = "<group>"; };
		F13DE89D2675101800F76298 /* GoogleService-Info.plist */ = {isa = PBXFileReference; lastKnownFileType = text.plist.xml; path = "GoogleService-Info.plist"; sourceTree = "<group>"; };
		F13DE8A02675999800F76298 /* Exo2-Regular.ttf */ = {isa = PBXFileReference; lastKnownFileType = file; path = "Exo2-Regular.ttf"; sourceTree = "<group>"; };
		F13DE8A12675999900F76298 /* Exo2-Bold.ttf */ = {isa = PBXFileReference; lastKnownFileType = file; path = "Exo2-Bold.ttf"; sourceTree = "<group>"; };
		F13DE8A22675999900F76298 /* Exo2-Light.ttf */ = {isa = PBXFileReference; lastKnownFileType = file; path = "Exo2-Light.ttf"; sourceTree = "<group>"; };
		F13DE8A32675999900F76298 /* Exo2-Medium.ttf */ = {isa = PBXFileReference; lastKnownFileType = file; path = "Exo2-Medium.ttf"; sourceTree = "<group>"; };
		F13DE8AA26759DD700F76298 /* Colors.xcassets */ = {isa = PBXFileReference; lastKnownFileType = folder.assetcatalog; path = Colors.xcassets; sourceTree = "<group>"; };
		F13DE8AC2675CAE900F76298 /* HomeViewController.swift */ = {isa = PBXFileReference; lastKnownFileType = sourcecode.swift; path = HomeViewController.swift; sourceTree = "<group>"; };
		F13DE8AD2675CAE900F76298 /* HomeViewController.xib */ = {isa = PBXFileReference; lastKnownFileType = file.xib; path = HomeViewController.xib; sourceTree = "<group>"; };
		F1435ABB268AD164009302AB /* UIViewController+dismissKeyboard.swift */ = {isa = PBXFileReference; lastKnownFileType = sourcecode.swift; path = "UIViewController+dismissKeyboard.swift"; sourceTree = "<group>"; };
		F1435ABD268AD2D1009302AB /* FontManager.swift */ = {isa = PBXFileReference; lastKnownFileType = sourcecode.swift; path = FontManager.swift; sourceTree = "<group>"; };
		F1435ABF268AD4F8009302AB /* FontManager+TmdbMovieware.swift */ = {isa = PBXFileReference; lastKnownFileType = sourcecode.swift; path = "FontManager+TmdbMovieware.swift"; sourceTree = "<group>"; };
		F1462E6425AAEA5C004808A7 /* CoordinatorProtocol.swift */ = {isa = PBXFileReference; lastKnownFileType = sourcecode.swift; path = CoordinatorProtocol.swift; sourceTree = "<group>"; };
		F1462E7325AAEB59004808A7 /* MainCoordinator.swift */ = {isa = PBXFileReference; lastKnownFileType = sourcecode.swift; path = MainCoordinator.swift; sourceTree = "<group>"; };
		F163451225ABB560001A8411 /* MoviesRequestModel.swift */ = {isa = PBXFileReference; lastKnownFileType = sourcecode.swift; path = MoviesRequestModel.swift; sourceTree = "<group>"; };
		F163451A25ABB722001A8411 /* Environment.swift */ = {isa = PBXFileReference; lastKnownFileType = sourcecode.swift; path = Environment.swift; sourceTree = "<group>"; };
		F163452225ABB75D001A8411 /* Bundle.swift */ = {isa = PBXFileReference; lastKnownFileType = sourcecode.swift; path = Bundle.swift; sourceTree = "<group>"; };
		F163452725ABB7EB001A8411 /* EnvironmentKeys.swift */ = {isa = PBXFileReference; lastKnownFileType = sourcecode.swift; path = EnvironmentKeys.swift; sourceTree = "<group>"; };
		F198FEE825AAC21A00327990 /* TmdbMovieware-dev.xcconfig */ = {isa = PBXFileReference; lastKnownFileType = text.xcconfig; path = "TmdbMovieware-dev.xcconfig"; sourceTree = "<group>"; };
		F198FEE925AAC22C00327990 /* TmdbMovieware-hml.xcconfig */ = {isa = PBXFileReference; lastKnownFileType = text.xcconfig; path = "TmdbMovieware-hml.xcconfig"; sourceTree = "<group>"; };
		F198FEEA25AAC23C00327990 /* TmdbMovieware-prd.xcconfig */ = {isa = PBXFileReference; lastKnownFileType = text.xcconfig; path = "TmdbMovieware-prd.xcconfig"; sourceTree = "<group>"; };
		F1AD0F9626698AC300513CCF /* AuthenticationService.swift */ = {isa = PBXFileReference; lastKnownFileType = sourcecode.swift; path = AuthenticationService.swift; sourceTree = "<group>"; };
		F1AD0F98266992CE00513CCF /* DeleteSessionResponseModel.swift */ = {isa = PBXFileReference; lastKnownFileType = sourcecode.swift; path = DeleteSessionResponseModel.swift; sourceTree = "<group>"; };
		F1BEA61925ABB1A1007BB167 /* MovieCollectionResponseModel.swift */ = {isa = PBXFileReference; lastKnownFileType = sourcecode.swift; path = MovieCollectionResponseModel.swift; sourceTree = "<group>"; };
		F1BEA61E25ABB1B7007BB167 /* MovieResponseModel.swift */ = {isa = PBXFileReference; lastKnownFileType = sourcecode.swift; path = MovieResponseModel.swift; sourceTree = "<group>"; };
		F1BEA62425ABB2E6007BB167 /* DatesResponseModel.swift */ = {isa = PBXFileReference; lastKnownFileType = sourcecode.swift; path = DatesResponseModel.swift; sourceTree = "<group>"; };
		F1BEA62C25ABB411007BB167 /* MovieRoutes.swift */ = {isa = PBXFileReference; lastKnownFileType = sourcecode.swift; path = MovieRoutes.swift; sourceTree = "<group>"; };
		F1DA42E425AB6A62009D5892 /* BaseService.swift */ = {isa = PBXFileReference; lastKnownFileType = sourcecode.swift; path = BaseService.swift; sourceTree = "<group>"; };
		F1DA42EC25AB6A92009D5892 /* HomeCoordinator.swift */ = {isa = PBXFileReference; lastKnownFileType = sourcecode.swift; path = HomeCoordinator.swift; sourceTree = "<group>"; };
		F1DA430625AB6ED2009D5892 /* MediaListView.swift */ = {isa = PBXFileReference; lastKnownFileType = sourcecode.swift; path = MediaListView.swift; sourceTree = "<group>"; };
		F1DA430725AB6ED2009D5892 /* MediaListView.xib */ = {isa = PBXFileReference; lastKnownFileType = file.xib; path = MediaListView.xib; sourceTree = "<group>"; };
		F1DA433C25AB72FE009D5892 /* MediaCollectionViewCell.swift */ = {isa = PBXFileReference; lastKnownFileType = sourcecode.swift; path = MediaCollectionViewCell.swift; sourceTree = "<group>"; };
		F1DA433D25AB72FE009D5892 /* MediaCollectionViewCell.xib */ = {isa = PBXFileReference; lastKnownFileType = file.xib; path = MediaCollectionViewCell.xib; sourceTree = "<group>"; };
		F1DA434325AB7557009D5892 /* Default.strings */ = {isa = PBXFileReference; lastKnownFileType = text.plist.strings; path = Default.strings; sourceTree = "<group>"; };
		F1DA434925AB79AD009D5892 /* Bindable.swift */ = {isa = PBXFileReference; lastKnownFileType = sourcecode.swift; path = Bindable.swift; sourceTree = "<group>"; };
		F1DA434F25AB7C66009D5892 /* ContentType.swift */ = {isa = PBXFileReference; lastKnownFileType = sourcecode.swift; path = ContentType.swift; sourceTree = "<group>"; };
		F1DA435425AB98D4009D5892 /* BasicStatusResponseModel.swift */ = {isa = PBXFileReference; lastKnownFileType = sourcecode.swift; path = BasicStatusResponseModel.swift; sourceTree = "<group>"; };
		F1DA436925AB9A3F009D5892 /* DateFormatter.swift */ = {isa = PBXFileReference; lastKnownFileType = sourcecode.swift; path = DateFormatter.swift; sourceTree = "<group>"; };
		F1DA436E25AB9A70009D5892 /* ModelProtocol.swift */ = {isa = PBXFileReference; lastKnownFileType = sourcecode.swift; path = ModelProtocol.swift; sourceTree = "<group>"; };
		F1E3B9A92662ED8100D3A9BA /* AuthhenticationRoutes.swift */ = {isa = PBXFileReference; lastKnownFileType = sourcecode.swift; path = AuthhenticationRoutes.swift; sourceTree = "<group>"; };
		F1E3B9AB2662F0D100D3A9BA /* ValidateLoginRequestModel.swift */ = {isa = PBXFileReference; lastKnownFileType = sourcecode.swift; path = ValidateLoginRequestModel.swift; sourceTree = "<group>"; };
		F1E3B9AD2662F1BE00D3A9BA /* TokenResponseModel.swift */ = {isa = PBXFileReference; lastKnownFileType = sourcecode.swift; path = TokenResponseModel.swift; sourceTree = "<group>"; };
		F1E3B9B02662F3B200D3A9BA /* SessionRequestModel.swift */ = {isa = PBXFileReference; lastKnownFileType = sourcecode.swift; path = SessionRequestModel.swift; sourceTree = "<group>"; };
		F1E3B9B22662F3E800D3A9BA /* SessionResponseModel.swift */ = {isa = PBXFileReference; lastKnownFileType = sourcecode.swift; path = SessionResponseModel.swift; sourceTree = "<group>"; };
		F1E3B9B42662F4AB00D3A9BA /* DeleteSessionRequestModel.swift */ = {isa = PBXFileReference; lastKnownFileType = sourcecode.swift; path = DeleteSessionRequestModel.swift; sourceTree = "<group>"; };
		F1E3B9B72662F56200D3A9BA /* AuthenticationUseCase.swift */ = {isa = PBXFileReference; lastKnownFileType = sourcecode.swift; path = AuthenticationUseCase.swift; sourceTree = "<group>"; };
		F1F74AD425AAEFBB002D3843 /* HomeViewModel.swift */ = {isa = PBXFileReference; lastKnownFileType = sourcecode.swift; path = HomeViewModel.swift; sourceTree = "<group>"; };
		FA059EA132200E39E8FFE01A /* Pods-MoviewareTests.prd.xcconfig */ = {isa = PBXFileReference; includeInIndex = 1; lastKnownFileType = text.xcconfig; name = "Pods-MoviewareTests.prd.xcconfig"; path = "Target Support Files/Pods-MoviewareTests/Pods-MoviewareTests.prd.xcconfig"; sourceTree = "<group>"; };
/* End PBXFileReference section */

/* Begin PBXFrameworksBuildPhase section */
		F1200CE625AAA0BA002A5F9D /* Frameworks */ = {
			isa = PBXFrameworksBuildPhase;
			buildActionMask = 2147483647;
			files = (
				B692E3576FFC0FAD330F7E2A /* Pods_TmdbMovieware.framework in Frameworks */,
			);
			runOnlyForDeploymentPostprocessing = 0;
		};
		F1200CFC25AAA0BC002A5F9D /* Frameworks */ = {
			isa = PBXFrameworksBuildPhase;
			buildActionMask = 2147483647;
			files = (
				184BB26B08A149AA9FA4E95E /* Pods_MoviewareTests.framework in Frameworks */,
			);
			runOnlyForDeploymentPostprocessing = 0;
		};
		F1200D0725AAA0BC002A5F9D /* Frameworks */ = {
			isa = PBXFrameworksBuildPhase;
			buildActionMask = 2147483647;
			files = (
				FF41DF456220B7D64FAC5C2D /* Pods_TmdbMovieware_MoviewareUITests.framework in Frameworks */,
			);
			runOnlyForDeploymentPostprocessing = 0;
		};
/* End PBXFrameworksBuildPhase section */

/* Begin PBXGroup section */
		B731525D670213D38091A831 /* Frameworks */ = {
			isa = PBXGroup;
			children = (
				540250B9153E435E221AD172 /* Pods_MoviewareTests.framework */,
				AE350C0BC3610D4E86B84ADD /* Pods_TmdbMovieware.framework */,
				63D001B1D147509CED0614C3 /* Pods_TmdbMovieware_MoviewareUITests.framework */,
			);
			name = Frameworks;
			sourceTree = "<group>";
		};
		B81DDC9CE161539ECA12E3DD /* Pods */ = {
			isa = PBXGroup;
			children = (
				4B9A230963B957826E0877CD /* Pods-MoviewareTests.dev.xcconfig */,
				3DFD2F58732BF5F3E09F1D0C /* Pods-MoviewareTests.hml.xcconfig */,
				FA059EA132200E39E8FFE01A /* Pods-MoviewareTests.prd.xcconfig */,
				2D553AA304F9478D8420A823 /* Pods-TmdbMovieware.dev.xcconfig */,
				5205615C2FB22F32A6B0B552 /* Pods-TmdbMovieware.hml.xcconfig */,
				B8DE56139C6F9DB62B2CA596 /* Pods-TmdbMovieware.prd.xcconfig */,
				8F91B3613EA6600C2B56D6BD /* Pods-TmdbMovieware-MoviewareUITests.dev.xcconfig */,
				67C868CF80531660098E06C7 /* Pods-TmdbMovieware-MoviewareUITests.hml.xcconfig */,
				93FEB315BF2513ECCCAB6FC2 /* Pods-TmdbMovieware-MoviewareUITests.prd.xcconfig */,
			);
			path = Pods;
			sourceTree = "<group>";
		};
		F11F540526630D2200566EC0 /* Movie */ = {
			isa = PBXGroup;
			children = (
				F1BEA61925ABB1A1007BB167 /* MovieCollectionResponseModel.swift */,
				F1BEA61E25ABB1B7007BB167 /* MovieResponseModel.swift */,
				F1BEA62425ABB2E6007BB167 /* DatesResponseModel.swift */,
				F163451225ABB560001A8411 /* MoviesRequestModel.swift */,
			);
			path = Movie;
			sourceTree = "<group>";
		};
		F11F540826630DB200566EC0 /* Account */ = {
			isa = PBXGroup;
			children = (
				F11F541126632D5A00566EC0 /* AccountResponseModel.swift */,
			);
			path = Account;
			sourceTree = "<group>";
		};
		F11F540B266323B100566EC0 /* Services */ = {
			isa = PBXGroup;
			children = (
				F11F540D266329B700566EC0 /* AccountService.swift */,
				F1AD0F9626698AC300513CCF /* AuthenticationService.swift */,
				F1DA42E425AB6A62009D5892 /* BaseService.swift */,
			);
			path = Services;
			sourceTree = "<group>";
		};
		F11F54132663FE5500566EC0 /* Routes */ = {
			isa = PBXGroup;
			children = (
				F11F540926630F5B00566EC0 /* AccountRoutes.swift */,
				F1E3B9A92662ED8100D3A9BA /* AuthhenticationRoutes.swift */,
				F1BEA62C25ABB411007BB167 /* MovieRoutes.swift */,
				F11F541426640BF500566EC0 /* RouteProtocol.swift */,
			);
			name = Routes;
			sourceTree = "<group>";
		};
		F1200CE025AAA0BA002A5F9D = {
			isa = PBXGroup;
			children = (
				F17807C02662E2C2003C5A52 /* Shared */,
				F1200CEB25AAA0BA002A5F9D /* iOS */,
				F1200D0225AAA0BC002A5F9D /* MoviewareTests */,
				F1200D0D25AAA0BC002A5F9D /* MoviewareUITests */,
				F1200CEA25AAA0BA002A5F9D /* Products */,
				B81DDC9CE161539ECA12E3DD /* Pods */,
				B731525D670213D38091A831 /* Frameworks */,
				F198FEE325AAA56200327990 /* TmdbMovieware */,
			);
			sourceTree = "<group>";
		};
		F1200CEA25AAA0BA002A5F9D /* Products */ = {
			isa = PBXGroup;
			children = (
				F1200CE925AAA0BA002A5F9D /* TmdbMovieware.app */,
				F1200CFF25AAA0BC002A5F9D /* MoviewareTests.xctest */,
				F1200D0A25AAA0BC002A5F9D /* MoviewareUITests.xctest */,
			);
			name = Products;
			sourceTree = "<group>";
		};
		F1200CEB25AAA0BA002A5F9D /* iOS */ = {
			isa = PBXGroup;
			children = (
				F1200CEC25AAA0BA002A5F9D /* AppDelegate.swift */,
				F1200CEE25AAA0BA002A5F9D /* SceneDelegate.swift */,
				F1462E6225AAEA21004808A7 /* Coordinators */,
				F1DA434825AB78F9009D5892 /* Infrastructure */,
				F198FEE625AAC1E100327990 /* Modules */,
				F198FEE425AAA5C700327990 /* SupportingFiles */,
			);
			path = iOS;
			sourceTree = "<group>";
		};
		F1200D0225AAA0BC002A5F9D /* MoviewareTests */ = {
			isa = PBXGroup;
			children = (
				F1369EF9266C238B00BCEE90 /* Infrastructure */,
				F1369EF2266BE40100BCEE90 /* Services */,
				F1369EE0266BA2DD00BCEE90 /* Mock */,
				F1369EDD266BA21500BCEE90 /* UseCase */,
				F1200D0525AAA0BC002A5F9D /* Info.plist */,
			);
			path = MoviewareTests;
			sourceTree = "<group>";
		};
		F1200D0D25AAA0BC002A5F9D /* MoviewareUITests */ = {
			isa = PBXGroup;
			children = (
				F1200D0E25AAA0BC002A5F9D /* MoviewareUITests.swift */,
				F1200D1025AAA0BC002A5F9D /* Info.plist */,
			);
			path = MoviewareUITests;
			sourceTree = "<group>";
		};
		F12F3B052686EF8800B8F131 /* Infrastructure */ = {
			isa = PBXGroup;
			children = (
				F163451A25ABB722001A8411 /* Environment.swift */,
				F163452725ABB7EB001A8411 /* EnvironmentKeys.swift */,
			);
			path = Infrastructure;
			sourceTree = "<group>";
		};
		F1369EDD266BA21500BCEE90 /* UseCase */ = {
			isa = PBXGroup;
			children = (
				F1369EDE266BA23600BCEE90 /* AuthenticationUseCaseTests.swift */,
			);
			path = UseCase;
			sourceTree = "<group>";
		};
		F1369EE0266BA2DD00BCEE90 /* Mock */ = {
			isa = PBXGroup;
			children = (
				F1369EE1266BA2E500BCEE90 /* Authentication */,
			);
			path = Mock;
			sourceTree = "<group>";
		};
		F1369EE1266BA2E500BCEE90 /* Authentication */ = {
			isa = PBXGroup;
			children = (
				F1369EEE266BA53300BCEE90 /* delete-session-200-6.json */,
				F1369EEC266BA51000BCEE90 /* delete-session-200.json */,
				F1369EE2266BA34100BCEE90 /* get-token-200.json */,
				F1369EE4266BA38C00BCEE90 /* get-token-401.json */,
				F1369EEA266BA49000BCEE90 /* new-session-200.json */,
				F1369EE8266BA46700BCEE90 /* new-session-401.json */,
				F1369EE6266BA3DE00BCEE90 /* post-validate-200.json */,
				F1369EF5266C1B5400BCEE90 /* post-validate-401.json */,
			);
			path = Authentication;
			sourceTree = "<group>";
		};
		F1369EF2266BE40100BCEE90 /* Services */ = {
			isa = PBXGroup;
			children = (
				F1369EF0266BE3C200BCEE90 /* AuthenticationServiceMock.swift */,
				F1369EF3266BE41D00BCEE90 /* TestableServiceMockProtocol.swift */,
			);
			path = Services;
			sourceTree = "<group>";
		};
		F1369EF9266C238B00BCEE90 /* Infrastructure */ = {
			isa = PBXGroup;
			children = (
				F1369EFA266C239A00BCEE90 /* Extensions */,
			);
			path = Infrastructure;
			sourceTree = "<group>";
		};
		F1369EFA266C239A00BCEE90 /* Extensions */ = {
			isa = PBXGroup;
			children = (
				F1369EFB266C23A900BCEE90 /* StringExtensionsTest.swift */,
			);
			path = Extensions;
			sourceTree = "<group>";
		};
		F13DE89026747DB900F76298 /* Login */ = {
			isa = PBXGroup;
			children = (
				F13DE89726747E5300F76298 /* LoginCoordinator.swift */,
				F13DE89126747DF600F76298 /* LoginViewController.swift */,
				F13DE89526747E1D00F76298 /* LoginViewModel.swift */,
				F13DE89226747DF600F76298 /* LoginViewController.xib */,
			);
			path = Login;
			sourceTree = "<group>";
		};
		F13DE89E2675995B00F76298 /* Resources */ = {
			isa = PBXGroup;
			children = (
				F1200CF525AAA0BB002A5F9D /* Assets.xcassets */,
				F13DE8AA26759DD700F76298 /* Colors.xcassets */,
				F13DE8A926759C1100F76298 /* Colors */,
				F13DE89F2675996300F76298 /* Fonts */,
			);
			path = Resources;
			sourceTree = "<group>";
		};
		F13DE89F2675996300F76298 /* Fonts */ = {
			isa = PBXGroup;
			children = (
				F13DE8A12675999900F76298 /* Exo2-Bold.ttf */,
				F13DE8A22675999900F76298 /* Exo2-Light.ttf */,
				F13DE8A32675999900F76298 /* Exo2-Medium.ttf */,
				F13DE8A02675999800F76298 /* Exo2-Regular.ttf */,
			);
			path = Fonts;
			sourceTree = "<group>";
		};
		F13DE8A826759A9A00F76298 /* Resources */ = {
			isa = PBXGroup;
			children = (
			);
			path = Resources;
			sourceTree = "<group>";
		};
		F13DE8A926759C1100F76298 /* Colors */ = {
			isa = PBXGroup;
			children = (
			);
			path = Colors;
			sourceTree = "<group>";
		};
		F1462E6225AAEA21004808A7 /* Coordinators */ = {
			isa = PBXGroup;
			children = (
				F1462E6425AAEA5C004808A7 /* CoordinatorProtocol.swift */,
				F1462E7325AAEB59004808A7 /* MainCoordinator.swift */,
			);
			path = Coordinators;
			sourceTree = "<group>";
		};
		F1462E6325AAEA34004808A7 /* Models */ = {
			isa = PBXGroup;
			children = (
				F11F540626630D6C00566EC0 /* AccountSessionModel.swift */,
				F1DA435425AB98D4009D5892 /* BasicStatusResponseModel.swift */,
				F1DA436E25AB9A70009D5892 /* ModelProtocol.swift */,
				F11F540826630DB200566EC0 /* Account */,
				F1E3B9AF2662F1E300D3A9BA /* Authentication */,
				F11F540526630D2200566EC0 /* Movie */,
			);
			path = Models;
			sourceTree = "<group>";
		};
		F17807C02662E2C2003C5A52 /* Shared */ = {
			isa = PBXGroup;
			children = (
				F1DA434E25AB7C54009D5892 /* Enums */,
				F12F3B052686EF8800B8F131 /* Infrastructure */,
				F1462E6325AAEA34004808A7 /* Models */,
				F1DA42E325AB6A4B009D5892 /* Network */,
				F13DE8A826759A9A00F76298 /* Resources */,
				F1E3B9A82662EC2000D3A9BA /* UseCase */,
			);
			path = Shared;
			sourceTree = "<group>";
		};
		F198FEE325AAA56200327990 /* TmdbMovieware */ = {
			isa = PBXGroup;
			children = (
				F13DE89D2675101800F76298 /* GoogleService-Info.plist */,
				F1435ABF268AD4F8009302AB /* FontManager+TmdbMovieware.swift */,
				F198FEE725AAC1FC00327990 /* Config */,
				F13DE89E2675995B00F76298 /* Resources */,
				F1200CF725AAA0BB002A5F9D /* TmdbMoviewareLaunchScreen.storyboard */,
			);
			path = TmdbMovieware;
			sourceTree = "<group>";
		};
		F198FEE425AAA5C700327990 /* SupportingFiles */ = {
			isa = PBXGroup;
			children = (
				F1200CFA25AAA0BB002A5F9D /* Info.plist */,
				F1DA434325AB7557009D5892 /* Default.strings */,
				F12F3B062686F99C00B8F131 /* LocalizableKeys.swift */,
			);
			path = SupportingFiles;
			sourceTree = "<group>";
		};
		F198FEE625AAC1E100327990 /* Modules */ = {
			isa = PBXGroup;
			children = (
				F13DE89026747DB900F76298 /* Login */,
				F198FEEB25AAC25100327990 /* Home */,
			);
			path = Modules;
			sourceTree = "<group>";
		};
		F198FEE725AAC1FC00327990 /* Config */ = {
			isa = PBXGroup;
			children = (
				F13DE89B2675100700F76298 /* GoogleService-Info-dev.plist */,
				F198FEE825AAC21A00327990 /* TmdbMovieware-dev.xcconfig */,
				F198FEE925AAC22C00327990 /* TmdbMovieware-hml.xcconfig */,
				F198FEEA25AAC23C00327990 /* TmdbMovieware-prd.xcconfig */,
			);
			path = Config;
			sourceTree = "<group>";
		};
		F198FEEB25AAC25100327990 /* Home */ = {
			isa = PBXGroup;
			children = (
				F1DA42EC25AB6A92009D5892 /* HomeCoordinator.swift */,
				F13DE8AC2675CAE900F76298 /* HomeViewController.swift */,
				F1F74AD425AAEFBB002D3843 /* HomeViewModel.swift */,
				F13DE8AD2675CAE900F76298 /* HomeViewController.xib */,
				F1DA430425AB6E5E009D5892 /* MediaList */,
			);
			path = Home;
			sourceTree = "<group>";
		};
		F1DA42E325AB6A4B009D5892 /* Network */ = {
			isa = PBXGroup;
			children = (
				F13AEA5825AEBE4A0091BF27 /* NetworkError.swift */,
				F11F54132663FE5500566EC0 /* Routes */,
				F11F540B266323B100566EC0 /* Services */,
			);
			path = Network;
			sourceTree = "<group>";
		};
		F1DA430425AB6E5E009D5892 /* MediaList */ = {
			isa = PBXGroup;
			children = (
				F1DA433825AB72CC009D5892 /* MediaCell */,
				F1DA430625AB6ED2009D5892 /* MediaListView.swift */,
				F1DA430725AB6ED2009D5892 /* MediaListView.xib */,
			);
			path = MediaList;
			sourceTree = "<group>";
		};
		F1DA433825AB72CC009D5892 /* MediaCell */ = {
			isa = PBXGroup;
			children = (
				F1DA433C25AB72FE009D5892 /* MediaCollectionViewCell.swift */,
				F1DA433D25AB72FE009D5892 /* MediaCollectionViewCell.xib */,
			);
			path = MediaCell;
			sourceTree = "<group>";
		};
		F1DA434825AB78F9009D5892 /* Infrastructure */ = {
			isa = PBXGroup;
			children = (
				F13DE89926747F3400F76298 /* BaseViewController.swift */,
				F1369EDB266B9C2400BCEE90 /* DefaultsManager.swift */,
				F1DA438625AB9B84009D5892 /* Common */,
				F1DA436025AB99BD009D5892 /* Extensions */,
			);
			path = Infrastructure;
			sourceTree = "<group>";
		};
		F1DA434E25AB7C54009D5892 /* Enums */ = {
			isa = PBXGroup;
			children = (
				F1DA434F25AB7C66009D5892 /* ContentType.swift */,
			);
			path = Enums;
			sourceTree = "<group>";
		};
		F1DA436025AB99BD009D5892 /* Extensions */ = {
			isa = PBXGroup;
			children = (
				F163452225ABB75D001A8411 /* Bundle.swift */,
				F1369EF7266C20B500BCEE90 /* String.swift */,
				F1DA436925AB9A3F009D5892 /* DateFormatter.swift */,
				F1435ABB268AD164009302AB /* UIViewController+dismissKeyboard.swift */,
			);
			path = Extensions;
			sourceTree = "<group>";
		};
		F1DA438625AB9B84009D5892 /* Common */ = {
			isa = PBXGroup;
			children = (
				F1DA434925AB79AD009D5892 /* Bindable.swift */,
				F13BFA4F2688CF6C004085B8 /* KeyboardConstraint.swift */,
				F117AB162688DA140015FEC3 /* LocalButton.swift */,
				F13BFA4D2688C3E9004085B8 /* LocalTextField.swift */,
				F1435ABD268AD2D1009302AB /* FontManager.swift */,
			);
			path = Common;
			sourceTree = "<group>";
		};
		F1E3B9A82662EC2000D3A9BA /* UseCase */ = {
			isa = PBXGroup;
			children = (
				F11F540326630C1D00566EC0 /* UseCaseProtocol.swift */,
				F1E3B9B72662F56200D3A9BA /* AuthenticationUseCase.swift */,
			);
			path = UseCase;
			sourceTree = "<group>";
		};
		F1E3B9AF2662F1E300D3A9BA /* Authentication */ = {
			isa = PBXGroup;
			children = (
				F1E3B9AB2662F0D100D3A9BA /* ValidateLoginRequestModel.swift */,
				F1E3B9AD2662F1BE00D3A9BA /* TokenResponseModel.swift */,
				F1E3B9B02662F3B200D3A9BA /* SessionRequestModel.swift */,
				F1E3B9B22662F3E800D3A9BA /* SessionResponseModel.swift */,
				F1E3B9B42662F4AB00D3A9BA /* DeleteSessionRequestModel.swift */,
				F1AD0F98266992CE00513CCF /* DeleteSessionResponseModel.swift */,
			);
			path = Authentication;
			sourceTree = "<group>";
		};
/* End PBXGroup section */

/* Begin PBXNativeTarget section */
		F1200CE825AAA0BA002A5F9D /* TmdbMovieware */ = {
			isa = PBXNativeTarget;
			buildConfigurationList = F1200D1325AAA0BC002A5F9D /* Build configuration list for PBXNativeTarget "TmdbMovieware" */;
			buildPhases = (
				21C078F719BD807D1D5BBBA6 /* [CP] Check Pods Manifest.lock */,
				F1200CE525AAA0BA002A5F9D /* Sources */,
				F1200CE625AAA0BA002A5F9D /* Frameworks */,
				F1200CE725AAA0BA002A5F9D /* Resources */,
				E6429B1BF6647C27620EFA41 /* [CP] Embed Pods Frameworks */,
				F1828D2E25AADFDA0083D8C0 /* [SwiftLint] Run Script */,
			);
			buildRules = (
			);
			dependencies = (
			);
			name = TmdbMovieware;
			productName = Movieware;
			productReference = F1200CE925AAA0BA002A5F9D /* TmdbMovieware.app */;
			productType = "com.apple.product-type.application";
		};
		F1200CFE25AAA0BC002A5F9D /* MoviewareTests */ = {
			isa = PBXNativeTarget;
			buildConfigurationList = F1200D1625AAA0BC002A5F9D /* Build configuration list for PBXNativeTarget "MoviewareTests" */;
			buildPhases = (
				090EE4F31054AD3C84088EA3 /* [CP] Check Pods Manifest.lock */,
				F1200CFB25AAA0BC002A5F9D /* Sources */,
				F1200CFC25AAA0BC002A5F9D /* Frameworks */,
				F1200CFD25AAA0BC002A5F9D /* Resources */,
			);
			buildRules = (
			);
			dependencies = (
				F1200D0125AAA0BC002A5F9D /* PBXTargetDependency */,
			);
			name = MoviewareTests;
			productName = MoviewareTests;
			productReference = F1200CFF25AAA0BC002A5F9D /* MoviewareTests.xctest */;
			productType = "com.apple.product-type.bundle.unit-test";
		};
		F1200D0925AAA0BC002A5F9D /* MoviewareUITests */ = {
			isa = PBXNativeTarget;
			buildConfigurationList = F1200D1925AAA0BC002A5F9D /* Build configuration list for PBXNativeTarget "MoviewareUITests" */;
			buildPhases = (
				6E08B2A16F7E9C64265F1DEA /* [CP] Check Pods Manifest.lock */,
				F1200D0625AAA0BC002A5F9D /* Sources */,
				F1200D0725AAA0BC002A5F9D /* Frameworks */,
				F1200D0825AAA0BC002A5F9D /* Resources */,
				5E69FB9510631CFAE4380C70 /* [CP] Embed Pods Frameworks */,
			);
			buildRules = (
			);
			dependencies = (
				F1200D0C25AAA0BC002A5F9D /* PBXTargetDependency */,
			);
			name = MoviewareUITests;
			productName = MoviewareUITests;
			productReference = F1200D0A25AAA0BC002A5F9D /* MoviewareUITests.xctest */;
			productType = "com.apple.product-type.bundle.ui-testing";
		};
/* End PBXNativeTarget section */

/* Begin PBXProject section */
		F1200CE125AAA0BA002A5F9D /* Project object */ = {
			isa = PBXProject;
			attributes = {
				LastSwiftUpdateCheck = 1230;
				LastUpgradeCheck = 1230;
				TargetAttributes = {
					F1200CE825AAA0BA002A5F9D = {
						CreatedOnToolsVersion = 12.3;
					};
					F1200CFE25AAA0BC002A5F9D = {
						CreatedOnToolsVersion = 12.3;
						TestTargetID = F1200CE825AAA0BA002A5F9D;
					};
					F1200D0925AAA0BC002A5F9D = {
						CreatedOnToolsVersion = 12.3;
						TestTargetID = F1200CE825AAA0BA002A5F9D;
					};
				};
			};
			buildConfigurationList = F1200CE425AAA0BA002A5F9D /* Build configuration list for PBXProject "Movieware" */;
			compatibilityVersion = "Xcode 9.3";
			developmentRegion = en;
			hasScannedForEncodings = 0;
			knownRegions = (
				en,
				Base,
			);
			mainGroup = F1200CE025AAA0BA002A5F9D;
			productRefGroup = F1200CEA25AAA0BA002A5F9D /* Products */;
			projectDirPath = "";
			projectRoot = "";
			targets = (
				F1200CE825AAA0BA002A5F9D /* TmdbMovieware */,
				F1200CFE25AAA0BC002A5F9D /* MoviewareTests */,
				F1200D0925AAA0BC002A5F9D /* MoviewareUITests */,
			);
		};
/* End PBXProject section */

/* Begin PBXResourcesBuildPhase section */
		F1200CE725AAA0BA002A5F9D /* Resources */ = {
			isa = PBXResourcesBuildPhase;
			buildActionMask = 2147483647;
			files = (
				F1DA434425AB7557009D5892 /* Default.strings in Resources */,
				F13DE89C2675100700F76298 /* GoogleService-Info-dev.plist in Resources */,
				F13DE8AF2675CAE900F76298 /* HomeViewController.xib in Resources */,
				F13DE8AB26759DD700F76298 /* Colors.xcassets in Resources */,
				F1DA430925AB6ED2009D5892 /* MediaListView.xib in Resources */,
				F13BFA4B2687D269004085B8 /* TmdbMovieware-prd.xcconfig in Resources */,
				F1DA433F25AB72FE009D5892 /* MediaCollectionViewCell.xib in Resources */,
				F13BFA492687D262004085B8 /* TmdbMovieware-dev.xcconfig in Resources */,
				F1200CF925AAA0BB002A5F9D /* TmdbMoviewareLaunchScreen.storyboard in Resources */,
				F1200CF625AAA0BB002A5F9D /* Assets.xcassets in Resources */,
				F13DE89426747DF600F76298 /* LoginViewController.xib in Resources */,
				F13DE8A72675999900F76298 /* Exo2-Medium.ttf in Resources */,
				F13DE8A42675999900F76298 /* Exo2-Regular.ttf in Resources */,
				F13DE8A52675999900F76298 /* Exo2-Bold.ttf in Resources */,
				F13BFA4A2687D266004085B8 /* TmdbMovieware-hml.xcconfig in Resources */,
				F13DE8A62675999900F76298 /* Exo2-Light.ttf in Resources */,
				F13BFA482687D25E004085B8 /* GoogleService-Info.plist in Resources */,
			);
			runOnlyForDeploymentPostprocessing = 0;
		};
		F1200CFD25AAA0BC002A5F9D /* Resources */ = {
			isa = PBXResourcesBuildPhase;
			buildActionMask = 2147483647;
			files = (
				F1369EF6266C1B5400BCEE90 /* post-validate-401.json in Resources */,
				F1369EE9266BA46700BCEE90 /* new-session-401.json in Resources */,
				F1369EEB266BA49000BCEE90 /* new-session-200.json in Resources */,
				F1369EE7266BA3DE00BCEE90 /* post-validate-200.json in Resources */,
				F1369EE3266BA34100BCEE90 /* get-token-200.json in Resources */,
				F1369EEF266BA53300BCEE90 /* delete-session-200-6.json in Resources */,
				F1369EED266BA51000BCEE90 /* delete-session-200.json in Resources */,
				F1369EE5266BA38C00BCEE90 /* get-token-401.json in Resources */,
			);
			runOnlyForDeploymentPostprocessing = 0;
		};
		F1200D0825AAA0BC002A5F9D /* Resources */ = {
			isa = PBXResourcesBuildPhase;
			buildActionMask = 2147483647;
			files = (
			);
			runOnlyForDeploymentPostprocessing = 0;
		};
/* End PBXResourcesBuildPhase section */

/* Begin PBXShellScriptBuildPhase section */
		090EE4F31054AD3C84088EA3 /* [CP] Check Pods Manifest.lock */ = {
			isa = PBXShellScriptBuildPhase;
			buildActionMask = 2147483647;
			files = (
			);
			inputFileListPaths = (
			);
			inputPaths = (
				"${PODS_PODFILE_DIR_PATH}/Podfile.lock",
				"${PODS_ROOT}/Manifest.lock",
			);
			name = "[CP] Check Pods Manifest.lock";
			outputFileListPaths = (
			);
			outputPaths = (
				"$(DERIVED_FILE_DIR)/Pods-MoviewareTests-checkManifestLockResult.txt",
			);
			runOnlyForDeploymentPostprocessing = 0;
			shellPath = /bin/sh;
			shellScript = "diff \"${PODS_PODFILE_DIR_PATH}/Podfile.lock\" \"${PODS_ROOT}/Manifest.lock\" > /dev/null\nif [ $? != 0 ] ; then\n    # print error to STDERR\n    echo \"error: The sandbox is not in sync with the Podfile.lock. Run 'pod install' or update your CocoaPods installation.\" >&2\n    exit 1\nfi\n# This output is used by Xcode 'outputs' to avoid re-running this script phase.\necho \"SUCCESS\" > \"${SCRIPT_OUTPUT_FILE_0}\"\n";
			showEnvVarsInLog = 0;
		};
		21C078F719BD807D1D5BBBA6 /* [CP] Check Pods Manifest.lock */ = {
			isa = PBXShellScriptBuildPhase;
			buildActionMask = 2147483647;
			files = (
			);
			inputFileListPaths = (
			);
			inputPaths = (
				"${PODS_PODFILE_DIR_PATH}/Podfile.lock",
				"${PODS_ROOT}/Manifest.lock",
			);
			name = "[CP] Check Pods Manifest.lock";
			outputFileListPaths = (
			);
			outputPaths = (
				"$(DERIVED_FILE_DIR)/Pods-TmdbMovieware-checkManifestLockResult.txt",
			);
			runOnlyForDeploymentPostprocessing = 0;
			shellPath = /bin/sh;
			shellScript = "diff \"${PODS_PODFILE_DIR_PATH}/Podfile.lock\" \"${PODS_ROOT}/Manifest.lock\" > /dev/null\nif [ $? != 0 ] ; then\n    # print error to STDERR\n    echo \"error: The sandbox is not in sync with the Podfile.lock. Run 'pod install' or update your CocoaPods installation.\" >&2\n    exit 1\nfi\n# This output is used by Xcode 'outputs' to avoid re-running this script phase.\necho \"SUCCESS\" > \"${SCRIPT_OUTPUT_FILE_0}\"\n";
			showEnvVarsInLog = 0;
		};
		5E69FB9510631CFAE4380C70 /* [CP] Embed Pods Frameworks */ = {
			isa = PBXShellScriptBuildPhase;
			buildActionMask = 2147483647;
			files = (
			);
			inputFileListPaths = (
				"${PODS_ROOT}/Target Support Files/Pods-TmdbMovieware-MoviewareUITests/Pods-TmdbMovieware-MoviewareUITests-frameworks-${CONFIGURATION}-input-files.xcfilelist",
			);
			name = "[CP] Embed Pods Frameworks";
			outputFileListPaths = (
				"${PODS_ROOT}/Target Support Files/Pods-TmdbMovieware-MoviewareUITests/Pods-TmdbMovieware-MoviewareUITests-frameworks-${CONFIGURATION}-output-files.xcfilelist",
			);
			runOnlyForDeploymentPostprocessing = 0;
			shellPath = /bin/sh;
			shellScript = "\"${PODS_ROOT}/Target Support Files/Pods-TmdbMovieware-MoviewareUITests/Pods-TmdbMovieware-MoviewareUITests-frameworks.sh\"\n";
			showEnvVarsInLog = 0;
		};
		6E08B2A16F7E9C64265F1DEA /* [CP] Check Pods Manifest.lock */ = {
			isa = PBXShellScriptBuildPhase;
			buildActionMask = 2147483647;
			files = (
			);
			inputFileListPaths = (
			);
			inputPaths = (
				"${PODS_PODFILE_DIR_PATH}/Podfile.lock",
				"${PODS_ROOT}/Manifest.lock",
			);
			name = "[CP] Check Pods Manifest.lock";
			outputFileListPaths = (
			);
			outputPaths = (
				"$(DERIVED_FILE_DIR)/Pods-TmdbMovieware-MoviewareUITests-checkManifestLockResult.txt",
			);
			runOnlyForDeploymentPostprocessing = 0;
			shellPath = /bin/sh;
			shellScript = "diff \"${PODS_PODFILE_DIR_PATH}/Podfile.lock\" \"${PODS_ROOT}/Manifest.lock\" > /dev/null\nif [ $? != 0 ] ; then\n    # print error to STDERR\n    echo \"error: The sandbox is not in sync with the Podfile.lock. Run 'pod install' or update your CocoaPods installation.\" >&2\n    exit 1\nfi\n# This output is used by Xcode 'outputs' to avoid re-running this script phase.\necho \"SUCCESS\" > \"${SCRIPT_OUTPUT_FILE_0}\"\n";
			showEnvVarsInLog = 0;
		};
		E6429B1BF6647C27620EFA41 /* [CP] Embed Pods Frameworks */ = {
			isa = PBXShellScriptBuildPhase;
			buildActionMask = 2147483647;
			files = (
			);
			inputFileListPaths = (
				"${PODS_ROOT}/Target Support Files/Pods-TmdbMovieware/Pods-TmdbMovieware-frameworks-${CONFIGURATION}-input-files.xcfilelist",
			);
			name = "[CP] Embed Pods Frameworks";
			outputFileListPaths = (
				"${PODS_ROOT}/Target Support Files/Pods-TmdbMovieware/Pods-TmdbMovieware-frameworks-${CONFIGURATION}-output-files.xcfilelist",
			);
			runOnlyForDeploymentPostprocessing = 0;
			shellPath = /bin/sh;
			shellScript = "\"${PODS_ROOT}/Target Support Files/Pods-TmdbMovieware/Pods-TmdbMovieware-frameworks.sh\"\n";
			showEnvVarsInLog = 0;
		};
		F1828D2E25AADFDA0083D8C0 /* [SwiftLint] Run Script */ = {
			isa = PBXShellScriptBuildPhase;
			buildActionMask = 12;
			files = (
			);
			inputFileListPaths = (
			);
			inputPaths = (
			);
			name = "[SwiftLint] Run Script";
			outputFileListPaths = (
			);
			outputPaths = (
			);
			runOnlyForDeploymentPostprocessing = 0;
			shellPath = /bin/sh;
			shellScript = "if which swiftlint >/dev/null; then\n  swiftlint\nelse\n  echo \"warning: SwiftLint not installed, download from https://github.com/realm/SwiftLint\"\nfi\n";
		};
/* End PBXShellScriptBuildPhase section */

/* Begin PBXSourcesBuildPhase section */
		F1200CE525AAA0BA002A5F9D /* Sources */ = {
			isa = PBXSourcesBuildPhase;
			buildActionMask = 2147483647;
			files = (
				F13DE89326747DF600F76298 /* LoginViewController.swift in Sources */,
				F1435ABE268AD2D1009302AB /* FontManager.swift in Sources */,
				F1DA435525AB98D4009D5892 /* BasicStatusResponseModel.swift in Sources */,
				F1BEA61A25ABB1A1007BB167 /* MovieCollectionResponseModel.swift in Sources */,
				F1BEA62D25ABB411007BB167 /* MovieRoutes.swift in Sources */,
				F13AEA5925AEBE4A0091BF27 /* NetworkError.swift in Sources */,
				F13DE8AE2675CAE900F76298 /* HomeViewController.swift in Sources */,
				F13DE89A26747F3400F76298 /* BaseViewController.swift in Sources */,
				F11F540426630C1D00566EC0 /* UseCaseProtocol.swift in Sources */,
				F117AB172688DA140015FEC3 /* LocalButton.swift in Sources */,
				F13BFA4E2688C3E9004085B8 /* LocalTextField.swift in Sources */,
				F1DA430825AB6ED2009D5892 /* MediaListView.swift in Sources */,
				F1DA42E525AB6A62009D5892 /* BaseService.swift in Sources */,
				F1E3B9AC2662F0D100D3A9BA /* ValidateLoginRequestModel.swift in Sources */,
				F163452325ABB75D001A8411 /* Bundle.swift in Sources */,
				F11F540E266329B700566EC0 /* AccountService.swift in Sources */,
				F1DA436A25AB9A3F009D5892 /* DateFormatter.swift in Sources */,
				F12F3B072686F99C00B8F131 /* LocalizableKeys.swift in Sources */,
				F1F74AD525AAEFBB002D3843 /* HomeViewModel.swift in Sources */,
				F1AD0F99266992CE00513CCF /* DeleteSessionResponseModel.swift in Sources */,
				F1BEA62525ABB2E6007BB167 /* DatesResponseModel.swift in Sources */,
				F1DA42ED25AB6A92009D5892 /* HomeCoordinator.swift in Sources */,
				F1200CED25AAA0BA002A5F9D /* AppDelegate.swift in Sources */,
				F1E3B9AA2662ED8100D3A9BA /* AuthhenticationRoutes.swift in Sources */,
				F163452825ABB7EB001A8411 /* EnvironmentKeys.swift in Sources */,
				F1E3B9B12662F3B200D3A9BA /* SessionRequestModel.swift in Sources */,
				F13DE89626747E1D00F76298 /* LoginViewModel.swift in Sources */,
				F13BFA502688CF6C004085B8 /* KeyboardConstraint.swift in Sources */,
				F1435AC0268AD4F8009302AB /* FontManager+TmdbMovieware.swift in Sources */,
				F1BEA61F25ABB1B7007BB167 /* MovieResponseModel.swift in Sources */,
				F1435ABC268AD164009302AB /* UIViewController+dismissKeyboard.swift in Sources */,
				F1462E6525AAEA5C004808A7 /* CoordinatorProtocol.swift in Sources */,
				F1DA434A25AB79AD009D5892 /* Bindable.swift in Sources */,
				F1DA433E25AB72FE009D5892 /* MediaCollectionViewCell.swift in Sources */,
				F1462E7425AAEB59004808A7 /* MainCoordinator.swift in Sources */,
				F13DE89826747E5300F76298 /* LoginCoordinator.swift in Sources */,
				F11F541526640BF500566EC0 /* RouteProtocol.swift in Sources */,
				F1369EDC266B9C2400BCEE90 /* DefaultsManager.swift in Sources */,
				F163451325ABB560001A8411 /* MoviesRequestModel.swift in Sources */,
				F1E3B9B52662F4AB00D3A9BA /* DeleteSessionRequestModel.swift in Sources */,
				F163451B25ABB722001A8411 /* Environment.swift in Sources */,
				F1200CEF25AAA0BA002A5F9D /* SceneDelegate.swift in Sources */,
				F1E3B9B32662F3E900D3A9BA /* SessionResponseModel.swift in Sources */,
				F1E3B9AE2662F1BE00D3A9BA /* TokenResponseModel.swift in Sources */,
				F1DA436F25AB9A70009D5892 /* ModelProtocol.swift in Sources */,
				F11F540A26630F5B00566EC0 /* AccountRoutes.swift in Sources */,
				F1DA435025AB7C66009D5892 /* ContentType.swift in Sources */,
				F1369EF8266C20B500BCEE90 /* String.swift in Sources */,
				F1E3B9B82662F56200D3A9BA /* AuthenticationUseCase.swift in Sources */,
				F11F541226632D5A00566EC0 /* AccountResponseModel.swift in Sources */,
				F11F540726630D6C00566EC0 /* AccountSessionModel.swift in Sources */,
				F1AD0F9726698AC300513CCF /* AuthenticationService.swift in Sources */,
			);
			runOnlyForDeploymentPostprocessing = 0;
		};
		F1200CFB25AAA0BC002A5F9D /* Sources */ = {
			isa = PBXSourcesBuildPhase;
			buildActionMask = 2147483647;
			files = (
				F1369EDF266BA23600BCEE90 /* AuthenticationUseCaseTests.swift in Sources */,
				F1369EFC266C23A900BCEE90 /* StringExtensionsTest.swift in Sources */,
				F1369EF1266BE3C200BCEE90 /* AuthenticationServiceMock.swift in Sources */,
				F1369EF4266BE41D00BCEE90 /* TestableServiceMockProtocol.swift in Sources */,
			);
			runOnlyForDeploymentPostprocessing = 0;
		};
		F1200D0625AAA0BC002A5F9D /* Sources */ = {
			isa = PBXSourcesBuildPhase;
			buildActionMask = 2147483647;
			files = (
				F1200D0F25AAA0BC002A5F9D /* MoviewareUITests.swift in Sources */,
			);
			runOnlyForDeploymentPostprocessing = 0;
		};
/* End PBXSourcesBuildPhase section */

/* Begin PBXTargetDependency section */
		F1200D0125AAA0BC002A5F9D /* PBXTargetDependency */ = {
			isa = PBXTargetDependency;
			target = F1200CE825AAA0BA002A5F9D /* TmdbMovieware */;
			targetProxy = F1200D0025AAA0BC002A5F9D /* PBXContainerItemProxy */;
		};
		F1200D0C25AAA0BC002A5F9D /* PBXTargetDependency */ = {
			isa = PBXTargetDependency;
			target = F1200CE825AAA0BA002A5F9D /* TmdbMovieware */;
			targetProxy = F1200D0B25AAA0BC002A5F9D /* PBXContainerItemProxy */;
		};
/* End PBXTargetDependency section */

/* Begin PBXVariantGroup section */
		F1200CF725AAA0BB002A5F9D /* TmdbMoviewareLaunchScreen.storyboard */ = {
			isa = PBXVariantGroup;
			children = (
				F1200CF825AAA0BB002A5F9D /* Base */,
			);
			name = TmdbMoviewareLaunchScreen.storyboard;
			sourceTree = "<group>";
		};
/* End PBXVariantGroup section */

/* Begin XCBuildConfiguration section */
		F1200D1125AAA0BC002A5F9D /* dev */ = {
			isa = XCBuildConfiguration;
			buildSettings = {
				ALWAYS_EMBED_SWIFT_STANDARD_LIBRARIES = YES;
				ALWAYS_SEARCH_USER_PATHS = NO;
				CLANG_ANALYZER_NONNULL = YES;
				CLANG_ANALYZER_NUMBER_OBJECT_CONVERSION = YES_AGGRESSIVE;
				CLANG_CXX_LANGUAGE_STANDARD = "gnu++14";
				CLANG_CXX_LIBRARY = "libc++";
				CLANG_ENABLE_MODULES = YES;
				CLANG_ENABLE_OBJC_ARC = YES;
				CLANG_ENABLE_OBJC_WEAK = YES;
				CLANG_WARN_BLOCK_CAPTURE_AUTORELEASING = YES;
				CLANG_WARN_BOOL_CONVERSION = YES;
				CLANG_WARN_COMMA = YES;
				CLANG_WARN_CONSTANT_CONVERSION = YES;
				CLANG_WARN_DEPRECATED_OBJC_IMPLEMENTATIONS = YES;
				CLANG_WARN_DIRECT_OBJC_ISA_USAGE = YES_ERROR;
				CLANG_WARN_DOCUMENTATION_COMMENTS = YES;
				CLANG_WARN_EMPTY_BODY = YES;
				CLANG_WARN_ENUM_CONVERSION = YES;
				CLANG_WARN_INFINITE_RECURSION = YES;
				CLANG_WARN_INT_CONVERSION = YES;
				CLANG_WARN_NON_LITERAL_NULL_CONVERSION = YES;
				CLANG_WARN_OBJC_IMPLICIT_RETAIN_SELF = YES;
				CLANG_WARN_OBJC_LITERAL_CONVERSION = YES;
				CLANG_WARN_OBJC_ROOT_CLASS = YES_ERROR;
				CLANG_WARN_QUOTED_INCLUDE_IN_FRAMEWORK_HEADER = YES;
				CLANG_WARN_RANGE_LOOP_ANALYSIS = YES;
				CLANG_WARN_STRICT_PROTOTYPES = YES;
				CLANG_WARN_SUSPICIOUS_MOVE = YES;
				CLANG_WARN_UNGUARDED_AVAILABILITY = YES_AGGRESSIVE;
				CLANG_WARN_UNREACHABLE_CODE = YES;
				CLANG_WARN__DUPLICATE_METHOD_MATCH = YES;
				COPY_PHASE_STRIP = NO;
				DEBUG_INFORMATION_FORMAT = dwarf;
				ENABLE_STRICT_OBJC_MSGSEND = YES;
				ENABLE_TESTABILITY = YES;
				GCC_C_LANGUAGE_STANDARD = gnu11;
				GCC_DYNAMIC_NO_PIC = NO;
				GCC_NO_COMMON_BLOCKS = YES;
				GCC_OPTIMIZATION_LEVEL = 0;
				GCC_PREPROCESSOR_DEFINITIONS = (
					"DEBUG=1",
					"$(inherited)",
				);
				GCC_WARN_64_TO_32_BIT_CONVERSION = YES;
				GCC_WARN_ABOUT_RETURN_TYPE = YES_ERROR;
				GCC_WARN_UNDECLARED_SELECTOR = YES;
				GCC_WARN_UNINITIALIZED_AUTOS = YES_AGGRESSIVE;
				GCC_WARN_UNUSED_FUNCTION = YES;
				GCC_WARN_UNUSED_VARIABLE = YES;
				IPHONEOS_DEPLOYMENT_TARGET = 12.0;
				MTL_ENABLE_DEBUG_INFO = INCLUDE_SOURCE;
				MTL_FAST_MATH = YES;
				ONLY_ACTIVE_ARCH = YES;
				SDKROOT = iphoneos;
				SWIFT_ACTIVE_COMPILATION_CONDITIONS = DEBUG;
				SWIFT_OPTIMIZATION_LEVEL = "-Onone";
			};
			name = dev;
		};
		F1200D1225AAA0BC002A5F9D /* prd */ = {
			isa = XCBuildConfiguration;
			buildSettings = {
				ALWAYS_EMBED_SWIFT_STANDARD_LIBRARIES = YES;
				ALWAYS_SEARCH_USER_PATHS = NO;
				CLANG_ANALYZER_NONNULL = YES;
				CLANG_ANALYZER_NUMBER_OBJECT_CONVERSION = YES_AGGRESSIVE;
				CLANG_CXX_LANGUAGE_STANDARD = "gnu++14";
				CLANG_CXX_LIBRARY = "libc++";
				CLANG_ENABLE_MODULES = YES;
				CLANG_ENABLE_OBJC_ARC = YES;
				CLANG_ENABLE_OBJC_WEAK = YES;
				CLANG_WARN_BLOCK_CAPTURE_AUTORELEASING = YES;
				CLANG_WARN_BOOL_CONVERSION = YES;
				CLANG_WARN_COMMA = YES;
				CLANG_WARN_CONSTANT_CONVERSION = YES;
				CLANG_WARN_DEPRECATED_OBJC_IMPLEMENTATIONS = YES;
				CLANG_WARN_DIRECT_OBJC_ISA_USAGE = YES_ERROR;
				CLANG_WARN_DOCUMENTATION_COMMENTS = YES;
				CLANG_WARN_EMPTY_BODY = YES;
				CLANG_WARN_ENUM_CONVERSION = YES;
				CLANG_WARN_INFINITE_RECURSION = YES;
				CLANG_WARN_INT_CONVERSION = YES;
				CLANG_WARN_NON_LITERAL_NULL_CONVERSION = YES;
				CLANG_WARN_OBJC_IMPLICIT_RETAIN_SELF = YES;
				CLANG_WARN_OBJC_LITERAL_CONVERSION = YES;
				CLANG_WARN_OBJC_ROOT_CLASS = YES_ERROR;
				CLANG_WARN_QUOTED_INCLUDE_IN_FRAMEWORK_HEADER = YES;
				CLANG_WARN_RANGE_LOOP_ANALYSIS = YES;
				CLANG_WARN_STRICT_PROTOTYPES = YES;
				CLANG_WARN_SUSPICIOUS_MOVE = YES;
				CLANG_WARN_UNGUARDED_AVAILABILITY = YES_AGGRESSIVE;
				CLANG_WARN_UNREACHABLE_CODE = YES;
				CLANG_WARN__DUPLICATE_METHOD_MATCH = YES;
				COPY_PHASE_STRIP = NO;
				DEBUG_INFORMATION_FORMAT = "dwarf-with-dsym";
				ENABLE_NS_ASSERTIONS = NO;
				ENABLE_STRICT_OBJC_MSGSEND = YES;
				ENABLE_TESTABILITY = YES;
				GCC_C_LANGUAGE_STANDARD = gnu11;
				GCC_NO_COMMON_BLOCKS = YES;
				GCC_WARN_64_TO_32_BIT_CONVERSION = YES;
				GCC_WARN_ABOUT_RETURN_TYPE = YES_ERROR;
				GCC_WARN_UNDECLARED_SELECTOR = YES;
				GCC_WARN_UNINITIALIZED_AUTOS = YES_AGGRESSIVE;
				GCC_WARN_UNUSED_FUNCTION = YES;
				GCC_WARN_UNUSED_VARIABLE = YES;
				IPHONEOS_DEPLOYMENT_TARGET = 12.0;
				MTL_ENABLE_DEBUG_INFO = NO;
				MTL_FAST_MATH = YES;
				SDKROOT = iphoneos;
				SWIFT_COMPILATION_MODE = wholemodule;
				SWIFT_OPTIMIZATION_LEVEL = "-O";
				VALIDATE_PRODUCT = YES;
			};
			name = prd;
		};
		F1200D1425AAA0BC002A5F9D /* dev */ = {
			isa = XCBuildConfiguration;
			baseConfigurationReference = F198FEE825AAC21A00327990 /* TmdbMovieware-dev.xcconfig */;
			buildSettings = {
				ALWAYS_EMBED_SWIFT_STANDARD_LIBRARIES = "$(inherited)";
				ASSETCATALOG_COMPILER_APPICON_NAME = AppIcon;
				ASSETCATALOG_COMPILER_GLOBAL_ACCENT_COLOR_NAME = AccentColor;
				CODE_SIGN_STYLE = Automatic;
				DEVELOPMENT_TEAM = Z6MUH3V2QB;
				INFOPLIST_FILE = "$(SRCROOT)/iOS/SupportingFiles/Info.plist";
				IPHONEOS_DEPLOYMENT_TARGET = 12.0;
				LD_RUNPATH_SEARCH_PATHS = (
					"$(inherited)",
					"@executable_path/Frameworks",
				);
				PRODUCT_BUNDLE_IDENTIFIER = "$(APP_BUNDLE_ID)";
				PRODUCT_NAME = "$(TARGET_NAME)";
				SWIFT_VERSION = 5.0;
				TARGETED_DEVICE_FAMILY = "1,2";
			};
			name = dev;
		};
		F1200D1525AAA0BC002A5F9D /* prd */ = {
			isa = XCBuildConfiguration;
			baseConfigurationReference = F198FEEA25AAC23C00327990 /* TmdbMovieware-prd.xcconfig */;
			buildSettings = {
				ALWAYS_EMBED_SWIFT_STANDARD_LIBRARIES = "$(inherited)";
				ASSETCATALOG_COMPILER_APPICON_NAME = AppIcon;
				ASSETCATALOG_COMPILER_GLOBAL_ACCENT_COLOR_NAME = AccentColor;
				CODE_SIGN_STYLE = Automatic;
				DEVELOPMENT_TEAM = Z6MUH3V2QB;
				INFOPLIST_FILE = "$(SRCROOT)/iOS/SupportingFiles/Info.plist";
				IPHONEOS_DEPLOYMENT_TARGET = 12.0;
				LD_RUNPATH_SEARCH_PATHS = (
					"$(inherited)",
					"@executable_path/Frameworks",
				);
				PRODUCT_BUNDLE_IDENTIFIER = "$(APP_BUNDLE_ID)";
				PRODUCT_NAME = "$(TARGET_NAME)";
				SWIFT_VERSION = 5.0;
				TARGETED_DEVICE_FAMILY = "1,2";
			};
			name = prd;
		};
		F1200D1725AAA0BC002A5F9D /* dev */ = {
			isa = XCBuildConfiguration;
			baseConfigurationReference = 4B9A230963B957826E0877CD /* Pods-MoviewareTests.dev.xcconfig */;
			buildSettings = {
				ALWAYS_EMBED_SWIFT_STANDARD_LIBRARIES = "$(inherited)";
				BUNDLE_LOADER = "$(TEST_HOST)";
				CODE_SIGN_STYLE = Automatic;
				DEVELOPMENT_TEAM = Z6MUH3V2QB;
				INFOPLIST_FILE = MoviewareTests/Info.plist;
				IPHONEOS_DEPLOYMENT_TARGET = 14.3;
				LD_RUNPATH_SEARCH_PATHS = (
					"$(inherited)",
					"@executable_path/Frameworks",
					"@loader_path/Frameworks",
				);
				PRODUCT_BUNDLE_IDENTIFIER = br.com.bitxlabs.movieware.MoviewareTests;
				PRODUCT_NAME = "$(TARGET_NAME)";
				SWIFT_VERSION = 5.0;
				TARGETED_DEVICE_FAMILY = "1,2";
				TEST_HOST = "$(BUILT_PRODUCTS_DIR)/TmdbMovieware.app/TmdbMovieware";
			};
			name = dev;
		};
		F1200D1825AAA0BC002A5F9D /* prd */ = {
			isa = XCBuildConfiguration;
			baseConfigurationReference = FA059EA132200E39E8FFE01A /* Pods-MoviewareTests.prd.xcconfig */;
			buildSettings = {
				ALWAYS_EMBED_SWIFT_STANDARD_LIBRARIES = "$(inherited)";
				BUNDLE_LOADER = "$(TEST_HOST)";
				CODE_SIGN_STYLE = Automatic;
				DEVELOPMENT_TEAM = Z6MUH3V2QB;
				INFOPLIST_FILE = MoviewareTests/Info.plist;
				IPHONEOS_DEPLOYMENT_TARGET = 14.3;
				LD_RUNPATH_SEARCH_PATHS = (
					"$(inherited)",
					"@executable_path/Frameworks",
					"@loader_path/Frameworks",
				);
				PRODUCT_BUNDLE_IDENTIFIER = br.com.bitxlabs.movieware.MoviewareTests;
				PRODUCT_NAME = "$(TARGET_NAME)";
				SWIFT_VERSION = 5.0;
				TARGETED_DEVICE_FAMILY = "1,2";
				TEST_HOST = "$(BUILT_PRODUCTS_DIR)/TmdbMovieware.app/TmdbMovieware";
			};
			name = prd;
		};
		F1200D1A25AAA0BC002A5F9D /* dev */ = {
			isa = XCBuildConfiguration;
			baseConfigurationReference = 8F91B3613EA6600C2B56D6BD /* Pods-TmdbMovieware-MoviewareUITests.dev.xcconfig */;
			buildSettings = {
				ALWAYS_EMBED_SWIFT_STANDARD_LIBRARIES = "$(inherited)";
				CODE_SIGN_STYLE = Automatic;
				DEVELOPMENT_TEAM = Z6MUH3V2QB;
				INFOPLIST_FILE = MoviewareUITests/Info.plist;
				LD_RUNPATH_SEARCH_PATHS = (
					"$(inherited)",
					"@executable_path/Frameworks",
					"@loader_path/Frameworks",
				);
				PRODUCT_BUNDLE_IDENTIFIER = br.com.bitxlabs.movieware.MoviewareUITests;
				PRODUCT_NAME = "$(TARGET_NAME)";
				SWIFT_VERSION = 5.0;
				TARGETED_DEVICE_FAMILY = "1,2";
				TEST_TARGET_NAME = Movieware;
			};
			name = dev;
		};
		F1200D1B25AAA0BC002A5F9D /* prd */ = {
			isa = XCBuildConfiguration;
			baseConfigurationReference = 93FEB315BF2513ECCCAB6FC2 /* Pods-TmdbMovieware-MoviewareUITests.prd.xcconfig */;
			buildSettings = {
				ALWAYS_EMBED_SWIFT_STANDARD_LIBRARIES = "$(inherited)";
				CODE_SIGN_STYLE = Automatic;
				DEVELOPMENT_TEAM = Z6MUH3V2QB;
				INFOPLIST_FILE = MoviewareUITests/Info.plist;
				LD_RUNPATH_SEARCH_PATHS = (
					"$(inherited)",
					"@executable_path/Frameworks",
					"@loader_path/Frameworks",
				);
				PRODUCT_BUNDLE_IDENTIFIER = br.com.bitxlabs.movieware.MoviewareUITests;
				PRODUCT_NAME = "$(TARGET_NAME)";
				SWIFT_VERSION = 5.0;
				TARGETED_DEVICE_FAMILY = "1,2";
				TEST_TARGET_NAME = Movieware;
			};
			name = prd;
		};
		F198FEF325AAC33500327990 /* hml */ = {
			isa = XCBuildConfiguration;
			buildSettings = {
				ALWAYS_EMBED_SWIFT_STANDARD_LIBRARIES = YES;
				ALWAYS_SEARCH_USER_PATHS = NO;
				CLANG_ANALYZER_NONNULL = YES;
				CLANG_ANALYZER_NUMBER_OBJECT_CONVERSION = YES_AGGRESSIVE;
				CLANG_CXX_LANGUAGE_STANDARD = "gnu++14";
				CLANG_CXX_LIBRARY = "libc++";
				CLANG_ENABLE_MODULES = YES;
				CLANG_ENABLE_OBJC_ARC = YES;
				CLANG_ENABLE_OBJC_WEAK = YES;
				CLANG_WARN_BLOCK_CAPTURE_AUTORELEASING = YES;
				CLANG_WARN_BOOL_CONVERSION = YES;
				CLANG_WARN_COMMA = YES;
				CLANG_WARN_CONSTANT_CONVERSION = YES;
				CLANG_WARN_DEPRECATED_OBJC_IMPLEMENTATIONS = YES;
				CLANG_WARN_DIRECT_OBJC_ISA_USAGE = YES_ERROR;
				CLANG_WARN_DOCUMENTATION_COMMENTS = YES;
				CLANG_WARN_EMPTY_BODY = YES;
				CLANG_WARN_ENUM_CONVERSION = YES;
				CLANG_WARN_INFINITE_RECURSION = YES;
				CLANG_WARN_INT_CONVERSION = YES;
				CLANG_WARN_NON_LITERAL_NULL_CONVERSION = YES;
				CLANG_WARN_OBJC_IMPLICIT_RETAIN_SELF = YES;
				CLANG_WARN_OBJC_LITERAL_CONVERSION = YES;
				CLANG_WARN_OBJC_ROOT_CLASS = YES_ERROR;
				CLANG_WARN_QUOTED_INCLUDE_IN_FRAMEWORK_HEADER = YES;
				CLANG_WARN_RANGE_LOOP_ANALYSIS = YES;
				CLANG_WARN_STRICT_PROTOTYPES = YES;
				CLANG_WARN_SUSPICIOUS_MOVE = YES;
				CLANG_WARN_UNGUARDED_AVAILABILITY = YES_AGGRESSIVE;
				CLANG_WARN_UNREACHABLE_CODE = YES;
				CLANG_WARN__DUPLICATE_METHOD_MATCH = YES;
				COPY_PHASE_STRIP = NO;
				DEBUG_INFORMATION_FORMAT = dwarf;
				ENABLE_STRICT_OBJC_MSGSEND = YES;
				ENABLE_TESTABILITY = YES;
				GCC_C_LANGUAGE_STANDARD = gnu11;
				GCC_DYNAMIC_NO_PIC = NO;
				GCC_NO_COMMON_BLOCKS = YES;
				GCC_OPTIMIZATION_LEVEL = 0;
				GCC_PREPROCESSOR_DEFINITIONS = (
					"DEBUG=1",
					"$(inherited)",
				);
				GCC_WARN_64_TO_32_BIT_CONVERSION = YES;
				GCC_WARN_ABOUT_RETURN_TYPE = YES_ERROR;
				GCC_WARN_UNDECLARED_SELECTOR = YES;
				GCC_WARN_UNINITIALIZED_AUTOS = YES_AGGRESSIVE;
				GCC_WARN_UNUSED_FUNCTION = YES;
				GCC_WARN_UNUSED_VARIABLE = YES;
				IPHONEOS_DEPLOYMENT_TARGET = 12.0;
				MTL_ENABLE_DEBUG_INFO = INCLUDE_SOURCE;
				MTL_FAST_MATH = YES;
				ONLY_ACTIVE_ARCH = YES;
				SDKROOT = iphoneos;
				SWIFT_ACTIVE_COMPILATION_CONDITIONS = DEBUG;
				SWIFT_OPTIMIZATION_LEVEL = "-Onone";
			};
			name = hml;
		};
		F198FEF425AAC33500327990 /* hml */ = {
			isa = XCBuildConfiguration;
			baseConfigurationReference = F198FEE925AAC22C00327990 /* TmdbMovieware-hml.xcconfig */;
			buildSettings = {
				ALWAYS_EMBED_SWIFT_STANDARD_LIBRARIES = "$(inherited)";
				ASSETCATALOG_COMPILER_APPICON_NAME = AppIcon;
				ASSETCATALOG_COMPILER_GLOBAL_ACCENT_COLOR_NAME = AccentColor;
				CODE_SIGN_STYLE = Automatic;
				DEVELOPMENT_TEAM = Z6MUH3V2QB;
				INFOPLIST_FILE = "$(SRCROOT)/iOS/SupportingFiles/Info.plist";
				IPHONEOS_DEPLOYMENT_TARGET = 12.0;
				LD_RUNPATH_SEARCH_PATHS = (
					"$(inherited)",
					"@executable_path/Frameworks",
				);
				PRODUCT_BUNDLE_IDENTIFIER = "$(APP_BUNDLE_ID)";
				PRODUCT_NAME = "$(TARGET_NAME)";
				SWIFT_VERSION = 5.0;
				TARGETED_DEVICE_FAMILY = "1,2";
			};
			name = hml;
		};
		F198FEF525AAC33500327990 /* hml */ = {
			isa = XCBuildConfiguration;
			baseConfigurationReference = 3DFD2F58732BF5F3E09F1D0C /* Pods-MoviewareTests.hml.xcconfig */;
			buildSettings = {
				ALWAYS_EMBED_SWIFT_STANDARD_LIBRARIES = "$(inherited)";
				BUNDLE_LOADER = "$(TEST_HOST)";
				CODE_SIGN_STYLE = Automatic;
				DEVELOPMENT_TEAM = Z6MUH3V2QB;
				INFOPLIST_FILE = MoviewareTests/Info.plist;
				IPHONEOS_DEPLOYMENT_TARGET = 14.3;
				LD_RUNPATH_SEARCH_PATHS = (
					"$(inherited)",
					"@executable_path/Frameworks",
					"@loader_path/Frameworks",
				);
				PRODUCT_BUNDLE_IDENTIFIER = br.com.bitxlabs.movieware.MoviewareTests;
				PRODUCT_NAME = "$(TARGET_NAME)";
				SWIFT_VERSION = 5.0;
				TARGETED_DEVICE_FAMILY = "1,2";
				TEST_HOST = "$(BUILT_PRODUCTS_DIR)/TmdbMovieware.app/TmdbMovieware";
			};
			name = hml;
		};
		F198FEF625AAC33500327990 /* hml */ = {
			isa = XCBuildConfiguration;
			baseConfigurationReference = 67C868CF80531660098E06C7 /* Pods-TmdbMovieware-MoviewareUITests.hml.xcconfig */;
			buildSettings = {
				ALWAYS_EMBED_SWIFT_STANDARD_LIBRARIES = "$(inherited)";
				CODE_SIGN_STYLE = Automatic;
				DEVELOPMENT_TEAM = Z6MUH3V2QB;
				INFOPLIST_FILE = MoviewareUITests/Info.plist;
				LD_RUNPATH_SEARCH_PATHS = (
					"$(inherited)",
					"@executable_path/Frameworks",
					"@loader_path/Frameworks",
				);
				PRODUCT_BUNDLE_IDENTIFIER = br.com.bitxlabs.movieware.MoviewareUITests;
				PRODUCT_NAME = "$(TARGET_NAME)";
				SWIFT_VERSION = 5.0;
				TARGETED_DEVICE_FAMILY = "1,2";
				TEST_TARGET_NAME = Movieware;
			};
			name = hml;
		};
/* End XCBuildConfiguration section */

/* Begin XCConfigurationList section */
		F1200CE425AAA0BA002A5F9D /* Build configuration list for PBXProject "Movieware" */ = {
			isa = XCConfigurationList;
			buildConfigurations = (
				F1200D1125AAA0BC002A5F9D /* dev */,
				F198FEF325AAC33500327990 /* hml */,
				F1200D1225AAA0BC002A5F9D /* prd */,
			);
			defaultConfigurationIsVisible = 0;
			defaultConfigurationName = prd;
		};
		F1200D1325AAA0BC002A5F9D /* Build configuration list for PBXNativeTarget "TmdbMovieware" */ = {
			isa = XCConfigurationList;
			buildConfigurations = (
				F1200D1425AAA0BC002A5F9D /* dev */,
				F198FEF425AAC33500327990 /* hml */,
				F1200D1525AAA0BC002A5F9D /* prd */,
			);
			defaultConfigurationIsVisible = 0;
			defaultConfigurationName = prd;
		};
		F1200D1625AAA0BC002A5F9D /* Build configuration list for PBXNativeTarget "MoviewareTests" */ = {
			isa = XCConfigurationList;
			buildConfigurations = (
				F1200D1725AAA0BC002A5F9D /* dev */,
				F198FEF525AAC33500327990 /* hml */,
				F1200D1825AAA0BC002A5F9D /* prd */,
			);
			defaultConfigurationIsVisible = 0;
			defaultConfigurationName = prd;
		};
		F1200D1925AAA0BC002A5F9D /* Build configuration list for PBXNativeTarget "MoviewareUITests" */ = {
			isa = XCConfigurationList;
			buildConfigurations = (
				F1200D1A25AAA0BC002A5F9D /* dev */,
				F198FEF625AAC33500327990 /* hml */,
				F1200D1B25AAA0BC002A5F9D /* prd */,
			);
			defaultConfigurationIsVisible = 0;
			defaultConfigurationName = prd;
		};
/* End XCConfigurationList section */
	};
	rootObject = F1200CE125AAA0BA002A5F9D /* Project object */;
}
